
Microsoft Visual Studio Solution File, Format Version 10.00
# Visual Studio 2008
Project("{8BC9CEB8-8B4A-11D0-8D11-00A0C91BC942}") = "util", "..\util\util.vcproj", "{C5EB45F0-68D0-426D-A04A-47439917D92F}"
EndProject
Project("{8BC9CEB8-8B4A-11D0-8D11-00A0C91BC942}") = "bson", "..\bson\bson.vcproj", "{669CDCF4-AAAA-4DA1-9A43-E4DA0C3D08D7}"
EndProject
Project("{8BC9CEB8-8B4A-11D0-8D11-00A0C91BC942}") = "cache", "..\cache\cache.vcproj", "{62FF06CD-7090-4A69-9CAE-21470F09B447}"
EndProject
Project("{8BC9CEB8-8B4A-11D0-8D11-00A0C91BC942}") = "filesystem", "..\filesystem\filesystem.vcproj", "{926BE9D3-3A05-40AB-83EA-40F4D940F23C}"
EndProject
Project("{8BC9CEB8-8B4A-11D0-8D11-00A0C91BC942}") = "db", "..\db\db.vcproj", "{ACF2227F-242F-4FB7-B433-58CED3D02A8F}"
EndProject
Project("{8BC9CEB8-8B4A-11D0-8D11-00A0C91BC942}") = "command", "..\command\command.vcproj", "{E42648EC-412D-49B3-BE88-A2E54909C8CD}"
EndProject
Project("{8BC9CEB8-8B4A-11D0-8D11-00A0C91BC942}") = "network", "..\network\network.vcproj", "{B80016DF-3BFD-4756-B2C8-7D827DE39A84}"
EndProject
Project("{8BC9CEB8-8B4A-11D0-8D11-00A0C91BC942}") = "driverbase", "..\driverbase\driverbase.vcproj", "{8D4F581B-05E3-41D3-8EF3-DF77FE97E40B}"
EndProject
Project("{8BC9CEB8-8B4A-11D0-8D11-00A0C91BC942}") = "service", "..\service\service.vcproj", "{565D9B86-9829-4BC3-9D9B-7ADE6A9D2968}"
EndProject
Project("{8BC9CEB8-8B4A-11D0-8D11-00A0C91BC942}") = "djondb_win", "..\djondb_win\djondb_win.vcproj", "{6CE5F68C-E601-4021-9E44-5A0575BC87D2}"
EndProject
Project("{8BC9CEB8-8B4A-11D0-8D11-00A0C91BC942}") = "shell", "..\shell\shell.vcproj", "{486DE774-34B1-48F1-8EDA-6DC7F12E24E6}"
EndProject
Global
	GlobalSection(SolutionConfigurationPlatforms) = preSolution
		Debug|Win32 = Debug|Win32
		Debug|x64 = Debug|x64
		Release|Win32 = Release|Win32
		Release|x64 = Release|x64
	EndGlobalSection
	GlobalSection(ProjectConfigurationPlatforms) = postSolution
		{C5EB45F0-68D0-426D-A04A-47439917D92F}.Debug|Win32.ActiveCfg = Debug|Win32
		{C5EB45F0-68D0-426D-A04A-47439917D92F}.Debug|Win32.Build.0 = Debug|Win32
		{C5EB45F0-68D0-426D-A04A-47439917D92F}.Debug|x64.ActiveCfg = Debug|x64
		{C5EB45F0-68D0-426D-A04A-47439917D92F}.Debug|x64.Build.0 = Debug|x64
		{C5EB45F0-68D0-426D-A04A-47439917D92F}.Release|Win32.ActiveCfg = Release|Win32
		{C5EB45F0-68D0-426D-A04A-47439917D92F}.Release|Win32.Build.0 = Release|Win32
		{C5EB45F0-68D0-426D-A04A-47439917D92F}.Release|x64.ActiveCfg = Release|x64
		{C5EB45F0-68D0-426D-A04A-47439917D92F}.Release|x64.Build.0 = Release|x64
		{669CDCF4-AAAA-4DA1-9A43-E4DA0C3D08D7}.Debug|Win32.ActiveCfg = Debug|Win32
		{669CDCF4-AAAA-4DA1-9A43-E4DA0C3D08D7}.Debug|Win32.Build.0 = Debug|Win32
		{669CDCF4-AAAA-4DA1-9A43-E4DA0C3D08D7}.Debug|x64.ActiveCfg = Debug|x64
		{669CDCF4-AAAA-4DA1-9A43-E4DA0C3D08D7}.Debug|x64.Build.0 = Debug|x64
		{669CDCF4-AAAA-4DA1-9A43-E4DA0C3D08D7}.Release|Win32.ActiveCfg = Release|Win32
		{669CDCF4-AAAA-4DA1-9A43-E4DA0C3D08D7}.Release|Win32.Build.0 = Release|Win32
		{669CDCF4-AAAA-4DA1-9A43-E4DA0C3D08D7}.Release|x64.ActiveCfg = Release|x64
		{669CDCF4-AAAA-4DA1-9A43-E4DA0C3D08D7}.Release|x64.Build.0 = Release|x64
		{62FF06CD-7090-4A69-9CAE-21470F09B447}.Debug|Win32.ActiveCfg = Debug|Win32
		{62FF06CD-7090-4A69-9CAE-21470F09B447}.Debug|Win32.Build.0 = Debug|Win32
		{62FF06CD-7090-4A69-9CAE-21470F09B447}.Debug|x64.ActiveCfg = Debug|x64
		{62FF06CD-7090-4A69-9CAE-21470F09B447}.Debug|x64.Build.0 = Debug|x64
		{62FF06CD-7090-4A69-9CAE-21470F09B447}.Release|Win32.ActiveCfg = Release|Win32
		{62FF06CD-7090-4A69-9CAE-21470F09B447}.Release|Win32.Build.0 = Release|Win32
		{62FF06CD-7090-4A69-9CAE-21470F09B447}.Release|x64.ActiveCfg = Release|x64
		{62FF06CD-7090-4A69-9CAE-21470F09B447}.Release|x64.Build.0 = Release|x64
		{926BE9D3-3A05-40AB-83EA-40F4D940F23C}.Debug|Win32.ActiveCfg = Debug|Win32
		{926BE9D3-3A05-40AB-83EA-40F4D940F23C}.Debug|Win32.Build.0 = Debug|Win32
		{926BE9D3-3A05-40AB-83EA-40F4D940F23C}.Debug|x64.ActiveCfg = Debug|x64
		{926BE9D3-3A05-40AB-83EA-40F4D940F23C}.Debug|x64.Build.0 = Debug|x64
		{926BE9D3-3A05-40AB-83EA-40F4D940F23C}.Release|Win32.ActiveCfg = Release|Win32
		{926BE9D3-3A05-40AB-83EA-40F4D940F23C}.Release|Win32.Build.0 = Release|Win32
		{926BE9D3-3A05-40AB-83EA-40F4D940F23C}.Release|x64.ActiveCfg = Release|x64
		{926BE9D3-3A05-40AB-83EA-40F4D940F23C}.Release|x64.Build.0 = Release|x64
		{ACF2227F-242F-4FB7-B433-58CED3D02A8F}.Debug|Win32.ActiveCfg = Debug|Win32
		{ACF2227F-242F-4FB7-B433-58CED3D02A8F}.Debug|Win32.Build.0 = Debug|Win32
		{ACF2227F-242F-4FB7-B433-58CED3D02A8F}.Debug|x64.ActiveCfg = Debug|x64
		{ACF2227F-242F-4FB7-B433-58CED3D02A8F}.Debug|x64.Build.0 = Debug|x64
		{ACF2227F-242F-4FB7-B433-58CED3D02A8F}.Release|Win32.ActiveCfg = Release|Win32
		{ACF2227F-242F-4FB7-B433-58CED3D02A8F}.Release|Win32.Build.0 = Release|Win32
		{ACF2227F-242F-4FB7-B433-58CED3D02A8F}.Release|x64.ActiveCfg = Release|x64
		{ACF2227F-242F-4FB7-B433-58CED3D02A8F}.Release|x64.Build.0 = Release|x64
		{E42648EC-412D-49B3-BE88-A2E54909C8CD}.Debug|Win32.ActiveCfg = Debug|Win32
		{E42648EC-412D-49B3-BE88-A2E54909C8CD}.Debug|Win32.Build.0 = Debug|Win32
		{E42648EC-412D-49B3-BE88-A2E54909C8CD}.Debug|x64.ActiveCfg = Debug|x64
		{E42648EC-412D-49B3-BE88-A2E54909C8CD}.Debug|x64.Build.0 = Debug|x64
		{E42648EC-412D-49B3-BE88-A2E54909C8CD}.Release|Win32.ActiveCfg = Release|Win32
		{E42648EC-412D-49B3-BE88-A2E54909C8CD}.Release|Win32.Build.0 = Release|Win32
		{E42648EC-412D-49B3-BE88-A2E54909C8CD}.Release|x64.ActiveCfg = Release|x64
		{E42648EC-412D-49B3-BE88-A2E54909C8CD}.Release|x64.Build.0 = Release|x64
		{B80016DF-3BFD-4756-B2C8-7D827DE39A84}.Debug|Win32.ActiveCfg = Debug|Win32
		{B80016DF-3BFD-4756-B2C8-7D827DE39A84}.Debug|Win32.Build.0 = Debug|Win32
		{B80016DF-3BFD-4756-B2C8-7D827DE39A84}.Debug|x64.ActiveCfg = Debug|x64
		{B80016DF-3BFD-4756-B2C8-7D827DE39A84}.Debug|x64.Build.0 = Debug|x64
		{B80016DF-3BFD-4756-B2C8-7D827DE39A84}.Release|Win32.ActiveCfg = Release|Win32
		{B80016DF-3BFD-4756-B2C8-7D827DE39A84}.Release|Win32.Build.0 = Release|Win32
		{B80016DF-3BFD-4756-B2C8-7D827DE39A84}.Release|x64.ActiveCfg = Release|x64
		{B80016DF-3BFD-4756-B2C8-7D827DE39A84}.Release|x64.Build.0 = Release|x64
		{8D4F581B-05E3-41D3-8EF3-DF77FE97E40B}.Debug|Win32.ActiveCfg = Debug|Win32
		{8D4F581B-05E3-41D3-8EF3-DF77FE97E40B}.Debug|Win32.Build.0 = Debug|Win32
		{8D4F581B-05E3-41D3-8EF3-DF77FE97E40B}.Debug|x64.ActiveCfg = Debug|x64
		{8D4F581B-05E3-41D3-8EF3-DF77FE97E40B}.Debug|x64.Build.0 = Debug|x64
		{8D4F581B-05E3-41D3-8EF3-DF77FE97E40B}.Release|Win32.ActiveCfg = Release|Win32
		{8D4F581B-05E3-41D3-8EF3-DF77FE97E40B}.Release|Win32.Build.0 = Release|Win32
		{8D4F581B-05E3-41D3-8EF3-DF77FE97E40B}.Release|x64.ActiveCfg = Release|x64
		{8D4F581B-05E3-41D3-8EF3-DF77FE97E40B}.Release|x64.Build.0 = Release|x64
		{565D9B86-9829-4BC3-9D9B-7ADE6A9D2968}.Debug|Win32.ActiveCfg = Debug|Win32
		{565D9B86-9829-4BC3-9D9B-7ADE6A9D2968}.Debug|Win32.Build.0 = Debug|Win32
		{565D9B86-9829-4BC3-9D9B-7ADE6A9D2968}.Debug|x64.ActiveCfg = Debug|x64
		{565D9B86-9829-4BC3-9D9B-7ADE6A9D2968}.Debug|x64.Build.0 = Debug|x64
		{565D9B86-9829-4BC3-9D9B-7ADE6A9D2968}.Release|Win32.ActiveCfg = Release|Win32
		{565D9B86-9829-4BC3-9D9B-7ADE6A9D2968}.Release|Win32.Build.0 = Release|Win32
		{565D9B86-9829-4BC3-9D9B-7ADE6A9D2968}.Release|x64.ActiveCfg = Release|x64
		{565D9B86-9829-4BC3-9D9B-7ADE6A9D2968}.Release|x64.Build.0 = Release|x64
		{6CE5F68C-E601-4021-9E44-5A0575BC87D2}.Debug|Win32.ActiveCfg = Debug|Win32
		{6CE5F68C-E601-4021-9E44-5A0575BC87D2}.Debug|Win32.Build.0 = Debug|Win32
		{6CE5F68C-E601-4021-9E44-5A0575BC87D2}.Debug|x64.ActiveCfg = Debug|x64
		{6CE5F68C-E601-4021-9E44-5A0575BC87D2}.Debug|x64.Build.0 = Debug|x64
		{6CE5F68C-E601-4021-9E44-5A0575BC87D2}.Release|Win32.ActiveCfg = Release|Win32
		{6CE5F68C-E601-4021-9E44-5A0575BC87D2}.Release|Win32.Build.0 = Release|Win32
		{6CE5F68C-E601-4021-9E44-5A0575BC87D2}.Release|x64.ActiveCfg = Release|x64
		{6CE5F68C-E601-4021-9E44-5A0575BC87D2}.Release|x64.Build.0 = Release|x64
		{486DE774-34B1-48F1-8EDA-6DC7F12E24E6}.Debug|Win32.ActiveCfg = Debug|Win32
		{486DE774-34B1-48F1-8EDA-6DC7F12E24E6}.Debug|Win32.Build.0 = Debug|Win32
		{486DE774-34B1-48F1-8EDA-6DC7F12E24E6}.Debug|x64.ActiveCfg = Debug|x64
		{486DE774-34B1-48F1-8EDA-6DC7F12E24E6}.Debug|x64.Build.0 = Debug|x64
		{486DE774-34B1-48F1-8EDA-6DC7F12E24E6}.Release|Win32.ActiveCfg = Release|Win32
		{486DE774-34B1-48F1-8EDA-6DC7F12E24E6}.Release|Win32.Build.0 = Release|Win32
		{486DE774-34B1-48F1-8EDA-6DC7F12E24E6}.Release|x64.ActiveCfg = Release|x64
		{486DE774-34B1-48F1-8EDA-6DC7F12E24E6}.Release|x64.Build.0 = Release|x64
	EndGlobalSection
	GlobalSection(SolutionProperties) = preSolution
		HideSolutionNode = FALSE
	EndGlobalSection
EndGlobal
