
Microsoft Visual Studio Solution File, Format Version 10.00
# Visual Studio 2008
Project("{8BC9CEB8-8B4A-11D0-8D11-00A0C91BC942}") = "util", "..\util\util.vcproj", "{C5EB45F0-68D0-426D-A04A-47439917D92F}"
EndProject
Project("{8BC9CEB8-8B4A-11D0-8D11-00A0C91BC942}") = "bson", "..\bson\bson.vcproj", "{669CDCF4-AAAA-4DA1-9A43-E4DA0C3D08D7}"
EndProject
Project("{8BC9CEB8-8B4A-11D0-8D11-00A0C91BC942}") = "cache", "..\cache\cache.vcproj", "{62FF06CD-7090-4A69-9CAE-21470F09B447}"
EndProject
Project("{8BC9CEB8-8B4A-11D0-8D11-00A0C91BC942}") = "filesystem", "..\filesystem\filesystem.vcproj", "{926BE9D3-3A05-40AB-83EA-40F4D940F23C}"
EndProject
Project("{8BC9CEB8-8B4A-11D0-8D11-00A0C91BC942}") = "db", "..\db\db.vcproj", "{ACF2227F-242F-4FB7-B433-58CED3D02A8F}"
EndProject
Project("{8BC9CEB8-8B4A-11D0-8D11-00A0C91BC942}") = "command", "..\command\command.vcproj", "{E42648EC-412D-49B3-BE88-A2E54909C8CD}"
EndProject
Project("{8BC9CEB8-8B4A-11D0-8D11-00A0C91BC942}") = "network", "..\network\network.vcproj", "{B80016DF-3BFD-4756-B2C8-7D827DE39A84}"
EndProject
Project("{8BC9CEB8-8B4A-11D0-8D11-00A0C91BC942}") = "driverbase", "..\driverbase\driverbase.vcproj", "{8D4F581B-05E3-41D3-8EF3-DF77FE97E40B}"
EndProject
Project("{8BC9CEB8-8B4A-11D0-8D11-00A0C91BC942}") = "service", "..\service\service.vcproj", "{565D9B86-9829-4BC3-9D9B-7ADE6A9D2968}"
EndProject
Project("{8BC9CEB8-8B4A-11D0-8D11-00A0C91BC942}") = "djondb_win", "..\djondb_win\djondb_win.vcproj", "{6CE5F68C-E601-4021-9E44-5A0575BC87D2}"
EndProject
Project("{8BC9CEB8-8B4A-11D0-8D11-00A0C91BC942}") = "shell", "..\shell\shell.vcproj", "{486DE774-34B1-48F1-8EDA-6DC7F12E24E6}"
EndProject
Project("{8BC9CEB8-8B4A-11D0-8D11-00A0C91BC942}") = "djonjavadriver", "..\driverbase\drivers\java\native\vs2008\djonjavadriver.vcproj", "{3F4E72FD-F616-4BA5-87C7-D44561004F0E}"
EndProject
Project("{8BC9CEB8-8B4A-11D0-8D11-00A0C91BC942}") = "C", "..\third_party\libantlr3c-3.2\C.vcproj", "{0F0FE03A-78F3-4B34-9DCE-0CDFF1FB5C40}"
EndProject
Project("{8BC9CEB8-8B4A-11D0-8D11-00A0C91BC942}") = "djonwrapper", "..\driverbase\drivers\csharp\vs2008\djonwrapper\djonwrapper.vcproj", "{2B37641C-4A5C-41F5-A4E1-034BAB23718A}"
EndProject
Project("{FAE04EC0-301F-11D3-BF4B-00C04F79EFBC}") = "csharpdriver", "..\driverbase\drivers\csharp\vs2008\csharpdriver\csharpdriver.csproj", "{C21587E5-9666-46AB-A1A5-892185062A44}"
EndProject
Global
	GlobalSection(SolutionConfigurationPlatforms) = preSolution
		Debug|Any CPU = Debug|Any CPU
		Debug|Mixed Platforms = Debug|Mixed Platforms
		Debug|Win32 = Debug|Win32
		Debug|x64 = Debug|x64
		Debug|x86 = Debug|x86
		DebugDLL|Any CPU = DebugDLL|Any CPU
		DebugDLL|Mixed Platforms = DebugDLL|Mixed Platforms
		DebugDLL|Win32 = DebugDLL|Win32
		DebugDLL|x64 = DebugDLL|x64
		DebugDLL|x86 = DebugDLL|x86
		Release|Any CPU = Release|Any CPU
		Release|Mixed Platforms = Release|Mixed Platforms
		Release|Win32 = Release|Win32
		Release|x64 = Release|x64
		Release|x86 = Release|x86
		ReleaseDLL|Any CPU = ReleaseDLL|Any CPU
		ReleaseDLL|Mixed Platforms = ReleaseDLL|Mixed Platforms
		ReleaseDLL|Win32 = ReleaseDLL|Win32
		ReleaseDLL|x64 = ReleaseDLL|x64
		ReleaseDLL|x86 = ReleaseDLL|x86
	EndGlobalSection
	GlobalSection(ProjectConfigurationPlatforms) = postSolution
		{C5EB45F0-68D0-426D-A04A-47439917D92F}.Debug|Any CPU.ActiveCfg = Debug|x64
		{C5EB45F0-68D0-426D-A04A-47439917D92F}.Debug|Mixed Platforms.ActiveCfg = Debug|x64
		{C5EB45F0-68D0-426D-A04A-47439917D92F}.Debug|Mixed Platforms.Build.0 = Debug|x64
		{C5EB45F0-68D0-426D-A04A-47439917D92F}.Debug|Win32.ActiveCfg = Debug|Win32
		{C5EB45F0-68D0-426D-A04A-47439917D92F}.Debug|Win32.Build.0 = Debug|Win32
		{C5EB45F0-68D0-426D-A04A-47439917D92F}.Debug|x64.ActiveCfg = Debug|x64
		{C5EB45F0-68D0-426D-A04A-47439917D92F}.Debug|x64.Build.0 = Debug|x64
		{C5EB45F0-68D0-426D-A04A-47439917D92F}.Debug|x86.ActiveCfg = Debug|x64
		{C5EB45F0-68D0-426D-A04A-47439917D92F}.DebugDLL|Any CPU.ActiveCfg = Debug|x64
		{C5EB45F0-68D0-426D-A04A-47439917D92F}.DebugDLL|Mixed Platforms.ActiveCfg = Debug|x64
		{C5EB45F0-68D0-426D-A04A-47439917D92F}.DebugDLL|Mixed Platforms.Build.0 = Debug|x64
		{C5EB45F0-68D0-426D-A04A-47439917D92F}.DebugDLL|Win32.ActiveCfg = Debug|x64
		{C5EB45F0-68D0-426D-A04A-47439917D92F}.DebugDLL|x64.ActiveCfg = Debug|x64
		{C5EB45F0-68D0-426D-A04A-47439917D92F}.DebugDLL|x64.Build.0 = Debug|x64
		{C5EB45F0-68D0-426D-A04A-47439917D92F}.DebugDLL|x86.ActiveCfg = Debug|x64
		{C5EB45F0-68D0-426D-A04A-47439917D92F}.Release|Any CPU.ActiveCfg = Release|x64
		{C5EB45F0-68D0-426D-A04A-47439917D92F}.Release|Mixed Platforms.ActiveCfg = Release|x64
		{C5EB45F0-68D0-426D-A04A-47439917D92F}.Release|Mixed Platforms.Build.0 = Release|x64
		{C5EB45F0-68D0-426D-A04A-47439917D92F}.Release|Win32.ActiveCfg = Release|Win32
		{C5EB45F0-68D0-426D-A04A-47439917D92F}.Release|Win32.Build.0 = Release|Win32
		{C5EB45F0-68D0-426D-A04A-47439917D92F}.Release|x64.ActiveCfg = Release|x64
		{C5EB45F0-68D0-426D-A04A-47439917D92F}.Release|x64.Build.0 = Release|x64
		{C5EB45F0-68D0-426D-A04A-47439917D92F}.Release|x86.ActiveCfg = Release|x64
		{C5EB45F0-68D0-426D-A04A-47439917D92F}.ReleaseDLL|Any CPU.ActiveCfg = Release|x64
		{C5EB45F0-68D0-426D-A04A-47439917D92F}.ReleaseDLL|Mixed Platforms.ActiveCfg = Release|x64
		{C5EB45F0-68D0-426D-A04A-47439917D92F}.ReleaseDLL|Mixed Platforms.Build.0 = Release|x64
		{C5EB45F0-68D0-426D-A04A-47439917D92F}.ReleaseDLL|Win32.ActiveCfg = Release|x64
		{C5EB45F0-68D0-426D-A04A-47439917D92F}.ReleaseDLL|x64.ActiveCfg = Release|x64
		{C5EB45F0-68D0-426D-A04A-47439917D92F}.ReleaseDLL|x64.Build.0 = Release|x64
		{C5EB45F0-68D0-426D-A04A-47439917D92F}.ReleaseDLL|x86.ActiveCfg = Release|x64
		{669CDCF4-AAAA-4DA1-9A43-E4DA0C3D08D7}.Debug|Any CPU.ActiveCfg = Debug|x64
		{669CDCF4-AAAA-4DA1-9A43-E4DA0C3D08D7}.Debug|Mixed Platforms.ActiveCfg = Debug|x64
		{669CDCF4-AAAA-4DA1-9A43-E4DA0C3D08D7}.Debug|Mixed Platforms.Build.0 = Debug|x64
		{669CDCF4-AAAA-4DA1-9A43-E4DA0C3D08D7}.Debug|Win32.ActiveCfg = Debug|Win32
		{669CDCF4-AAAA-4DA1-9A43-E4DA0C3D08D7}.Debug|Win32.Build.0 = Debug|Win32
		{669CDCF4-AAAA-4DA1-9A43-E4DA0C3D08D7}.Debug|x64.ActiveCfg = Debug|x64
		{669CDCF4-AAAA-4DA1-9A43-E4DA0C3D08D7}.Debug|x64.Build.0 = Debug|x64
		{669CDCF4-AAAA-4DA1-9A43-E4DA0C3D08D7}.Debug|x86.ActiveCfg = Debug|x64
		{669CDCF4-AAAA-4DA1-9A43-E4DA0C3D08D7}.DebugDLL|Any CPU.ActiveCfg = Debug|x64
		{669CDCF4-AAAA-4DA1-9A43-E4DA0C3D08D7}.DebugDLL|Mixed Platforms.ActiveCfg = Debug|x64
		{669CDCF4-AAAA-4DA1-9A43-E4DA0C3D08D7}.DebugDLL|Mixed Platforms.Build.0 = Debug|x64
		{669CDCF4-AAAA-4DA1-9A43-E4DA0C3D08D7}.DebugDLL|Win32.ActiveCfg = Debug|x64
		{669CDCF4-AAAA-4DA1-9A43-E4DA0C3D08D7}.DebugDLL|x64.ActiveCfg = Debug|x64
		{669CDCF4-AAAA-4DA1-9A43-E4DA0C3D08D7}.DebugDLL|x64.Build.0 = Debug|x64
		{669CDCF4-AAAA-4DA1-9A43-E4DA0C3D08D7}.DebugDLL|x86.ActiveCfg = Debug|x64
		{669CDCF4-AAAA-4DA1-9A43-E4DA0C3D08D7}.Release|Any CPU.ActiveCfg = Release|x64
		{669CDCF4-AAAA-4DA1-9A43-E4DA0C3D08D7}.Release|Mixed Platforms.ActiveCfg = Release|x64
		{669CDCF4-AAAA-4DA1-9A43-E4DA0C3D08D7}.Release|Mixed Platforms.Build.0 = Release|x64
		{669CDCF4-AAAA-4DA1-9A43-E4DA0C3D08D7}.Release|Win32.ActiveCfg = Release|Win32
		{669CDCF4-AAAA-4DA1-9A43-E4DA0C3D08D7}.Release|Win32.Build.0 = Release|Win32
		{669CDCF4-AAAA-4DA1-9A43-E4DA0C3D08D7}.Release|x64.ActiveCfg = Release|x64
		{669CDCF4-AAAA-4DA1-9A43-E4DA0C3D08D7}.Release|x64.Build.0 = Release|x64
		{669CDCF4-AAAA-4DA1-9A43-E4DA0C3D08D7}.Release|x86.ActiveCfg = Release|x64
		{669CDCF4-AAAA-4DA1-9A43-E4DA0C3D08D7}.ReleaseDLL|Any CPU.ActiveCfg = Release|x64
		{669CDCF4-AAAA-4DA1-9A43-E4DA0C3D08D7}.ReleaseDLL|Mixed Platforms.ActiveCfg = Release|x64
		{669CDCF4-AAAA-4DA1-9A43-E4DA0C3D08D7}.ReleaseDLL|Mixed Platforms.Build.0 = Release|x64
		{669CDCF4-AAAA-4DA1-9A43-E4DA0C3D08D7}.ReleaseDLL|Win32.ActiveCfg = Release|x64
		{669CDCF4-AAAA-4DA1-9A43-E4DA0C3D08D7}.ReleaseDLL|x64.ActiveCfg = Release|x64
		{669CDCF4-AAAA-4DA1-9A43-E4DA0C3D08D7}.ReleaseDLL|x64.Build.0 = Release|x64
		{669CDCF4-AAAA-4DA1-9A43-E4DA0C3D08D7}.ReleaseDLL|x86.ActiveCfg = Release|x64
		{62FF06CD-7090-4A69-9CAE-21470F09B447}.Debug|Any CPU.ActiveCfg = Debug|x64
		{62FF06CD-7090-4A69-9CAE-21470F09B447}.Debug|Mixed Platforms.ActiveCfg = Debug|x64
		{62FF06CD-7090-4A69-9CAE-21470F09B447}.Debug|Mixed Platforms.Build.0 = Debug|x64
		{62FF06CD-7090-4A69-9CAE-21470F09B447}.Debug|Win32.ActiveCfg = Debug|Win32
		{62FF06CD-7090-4A69-9CAE-21470F09B447}.Debug|Win32.Build.0 = Debug|Win32
		{62FF06CD-7090-4A69-9CAE-21470F09B447}.Debug|x64.ActiveCfg = Debug|x64
		{62FF06CD-7090-4A69-9CAE-21470F09B447}.Debug|x64.Build.0 = Debug|x64
		{62FF06CD-7090-4A69-9CAE-21470F09B447}.Debug|x86.ActiveCfg = Debug|x64
		{62FF06CD-7090-4A69-9CAE-21470F09B447}.DebugDLL|Any CPU.ActiveCfg = Debug|x64
		{62FF06CD-7090-4A69-9CAE-21470F09B447}.DebugDLL|Mixed Platforms.ActiveCfg = Debug|x64
		{62FF06CD-7090-4A69-9CAE-21470F09B447}.DebugDLL|Mixed Platforms.Build.0 = Debug|x64
		{62FF06CD-7090-4A69-9CAE-21470F09B447}.DebugDLL|Win32.ActiveCfg = Debug|x64
		{62FF06CD-7090-4A69-9CAE-21470F09B447}.DebugDLL|x64.ActiveCfg = Debug|x64
		{62FF06CD-7090-4A69-9CAE-21470F09B447}.DebugDLL|x64.Build.0 = Debug|x64
		{62FF06CD-7090-4A69-9CAE-21470F09B447}.DebugDLL|x86.ActiveCfg = Debug|x64
		{62FF06CD-7090-4A69-9CAE-21470F09B447}.Release|Any CPU.ActiveCfg = Release|x64
		{62FF06CD-7090-4A69-9CAE-21470F09B447}.Release|Mixed Platforms.ActiveCfg = Release|x64
		{62FF06CD-7090-4A69-9CAE-21470F09B447}.Release|Mixed Platforms.Build.0 = Release|x64
		{62FF06CD-7090-4A69-9CAE-21470F09B447}.Release|Win32.ActiveCfg = Release|Win32
		{62FF06CD-7090-4A69-9CAE-21470F09B447}.Release|Win32.Build.0 = Release|Win32
		{62FF06CD-7090-4A69-9CAE-21470F09B447}.Release|x64.ActiveCfg = Release|x64
		{62FF06CD-7090-4A69-9CAE-21470F09B447}.Release|x64.Build.0 = Release|x64
		{62FF06CD-7090-4A69-9CAE-21470F09B447}.Release|x86.ActiveCfg = Release|x64
		{62FF06CD-7090-4A69-9CAE-21470F09B447}.ReleaseDLL|Any CPU.ActiveCfg = Release|x64
		{62FF06CD-7090-4A69-9CAE-21470F09B447}.ReleaseDLL|Mixed Platforms.ActiveCfg = Release|x64
		{62FF06CD-7090-4A69-9CAE-21470F09B447}.ReleaseDLL|Mixed Platforms.Build.0 = Release|x64
		{62FF06CD-7090-4A69-9CAE-21470F09B447}.ReleaseDLL|Win32.ActiveCfg = Release|x64
		{62FF06CD-7090-4A69-9CAE-21470F09B447}.ReleaseDLL|x64.ActiveCfg = Release|x64
		{62FF06CD-7090-4A69-9CAE-21470F09B447}.ReleaseDLL|x64.Build.0 = Release|x64
		{62FF06CD-7090-4A69-9CAE-21470F09B447}.ReleaseDLL|x86.ActiveCfg = Release|x64
		{926BE9D3-3A05-40AB-83EA-40F4D940F23C}.Debug|Any CPU.ActiveCfg = Debug|x64
		{926BE9D3-3A05-40AB-83EA-40F4D940F23C}.Debug|Mixed Platforms.ActiveCfg = Debug|x64
		{926BE9D3-3A05-40AB-83EA-40F4D940F23C}.Debug|Mixed Platforms.Build.0 = Debug|x64
		{926BE9D3-3A05-40AB-83EA-40F4D940F23C}.Debug|Win32.ActiveCfg = Debug|Win32
		{926BE9D3-3A05-40AB-83EA-40F4D940F23C}.Debug|Win32.Build.0 = Debug|Win32
		{926BE9D3-3A05-40AB-83EA-40F4D940F23C}.Debug|x64.ActiveCfg = Debug|x64
		{926BE9D3-3A05-40AB-83EA-40F4D940F23C}.Debug|x64.Build.0 = Debug|x64
		{926BE9D3-3A05-40AB-83EA-40F4D940F23C}.Debug|x86.ActiveCfg = Debug|x64
		{926BE9D3-3A05-40AB-83EA-40F4D940F23C}.DebugDLL|Any CPU.ActiveCfg = Debug|x64
		{926BE9D3-3A05-40AB-83EA-40F4D940F23C}.DebugDLL|Mixed Platforms.ActiveCfg = Debug|x64
		{926BE9D3-3A05-40AB-83EA-40F4D940F23C}.DebugDLL|Mixed Platforms.Build.0 = Debug|x64
		{926BE9D3-3A05-40AB-83EA-40F4D940F23C}.DebugDLL|Win32.ActiveCfg = Debug|x64
		{926BE9D3-3A05-40AB-83EA-40F4D940F23C}.DebugDLL|x64.ActiveCfg = Debug|x64
		{926BE9D3-3A05-40AB-83EA-40F4D940F23C}.DebugDLL|x64.Build.0 = Debug|x64
		{926BE9D3-3A05-40AB-83EA-40F4D940F23C}.DebugDLL|x86.ActiveCfg = Debug|x64
		{926BE9D3-3A05-40AB-83EA-40F4D940F23C}.Release|Any CPU.ActiveCfg = Release|x64
		{926BE9D3-3A05-40AB-83EA-40F4D940F23C}.Release|Mixed Platforms.ActiveCfg = Release|x64
		{926BE9D3-3A05-40AB-83EA-40F4D940F23C}.Release|Mixed Platforms.Build.0 = Release|x64
		{926BE9D3-3A05-40AB-83EA-40F4D940F23C}.Release|Win32.ActiveCfg = Release|Win32
		{926BE9D3-3A05-40AB-83EA-40F4D940F23C}.Release|Win32.Build.0 = Release|Win32
		{926BE9D3-3A05-40AB-83EA-40F4D940F23C}.Release|x64.ActiveCfg = Release|x64
		{926BE9D3-3A05-40AB-83EA-40F4D940F23C}.Release|x64.Build.0 = Release|x64
		{926BE9D3-3A05-40AB-83EA-40F4D940F23C}.Release|x86.ActiveCfg = Release|x64
		{926BE9D3-3A05-40AB-83EA-40F4D940F23C}.ReleaseDLL|Any CPU.ActiveCfg = Release|x64
		{926BE9D3-3A05-40AB-83EA-40F4D940F23C}.ReleaseDLL|Mixed Platforms.ActiveCfg = Release|x64
		{926BE9D3-3A05-40AB-83EA-40F4D940F23C}.ReleaseDLL|Mixed Platforms.Build.0 = Release|x64
		{926BE9D3-3A05-40AB-83EA-40F4D940F23C}.ReleaseDLL|Win32.ActiveCfg = Release|x64
		{926BE9D3-3A05-40AB-83EA-40F4D940F23C}.ReleaseDLL|x64.ActiveCfg = Release|x64
		{926BE9D3-3A05-40AB-83EA-40F4D940F23C}.ReleaseDLL|x64.Build.0 = Release|x64
		{926BE9D3-3A05-40AB-83EA-40F4D940F23C}.ReleaseDLL|x86.ActiveCfg = Release|x64
		{ACF2227F-242F-4FB7-B433-58CED3D02A8F}.Debug|Any CPU.ActiveCfg = Debug|x64
		{ACF2227F-242F-4FB7-B433-58CED3D02A8F}.Debug|Mixed Platforms.ActiveCfg = Debug|x64
		{ACF2227F-242F-4FB7-B433-58CED3D02A8F}.Debug|Mixed Platforms.Build.0 = Debug|x64
		{ACF2227F-242F-4FB7-B433-58CED3D02A8F}.Debug|Win32.ActiveCfg = Debug|Win32
		{ACF2227F-242F-4FB7-B433-58CED3D02A8F}.Debug|Win32.Build.0 = Debug|Win32
		{ACF2227F-242F-4FB7-B433-58CED3D02A8F}.Debug|x64.ActiveCfg = Debug|x64
		{ACF2227F-242F-4FB7-B433-58CED3D02A8F}.Debug|x64.Build.0 = Debug|x64
		{ACF2227F-242F-4FB7-B433-58CED3D02A8F}.Debug|x86.ActiveCfg = Debug|x64
		{ACF2227F-242F-4FB7-B433-58CED3D02A8F}.DebugDLL|Any CPU.ActiveCfg = Debug|x64
		{ACF2227F-242F-4FB7-B433-58CED3D02A8F}.DebugDLL|Mixed Platforms.ActiveCfg = Debug|x64
		{ACF2227F-242F-4FB7-B433-58CED3D02A8F}.DebugDLL|Mixed Platforms.Build.0 = Debug|x64
		{ACF2227F-242F-4FB7-B433-58CED3D02A8F}.DebugDLL|Win32.ActiveCfg = Debug|x64
		{ACF2227F-242F-4FB7-B433-58CED3D02A8F}.DebugDLL|x64.ActiveCfg = Debug|x64
		{ACF2227F-242F-4FB7-B433-58CED3D02A8F}.DebugDLL|x64.Build.0 = Debug|x64
		{ACF2227F-242F-4FB7-B433-58CED3D02A8F}.DebugDLL|x86.ActiveCfg = Debug|x64
		{ACF2227F-242F-4FB7-B433-58CED3D02A8F}.Release|Any CPU.ActiveCfg = Release|x64
		{ACF2227F-242F-4FB7-B433-58CED3D02A8F}.Release|Mixed Platforms.ActiveCfg = Release|x64
		{ACF2227F-242F-4FB7-B433-58CED3D02A8F}.Release|Mixed Platforms.Build.0 = Release|x64
		{ACF2227F-242F-4FB7-B433-58CED3D02A8F}.Release|Win32.ActiveCfg = Release|Win32
		{ACF2227F-242F-4FB7-B433-58CED3D02A8F}.Release|Win32.Build.0 = Release|Win32
		{ACF2227F-242F-4FB7-B433-58CED3D02A8F}.Release|x64.ActiveCfg = Release|x64
		{ACF2227F-242F-4FB7-B433-58CED3D02A8F}.Release|x64.Build.0 = Release|x64
		{ACF2227F-242F-4FB7-B433-58CED3D02A8F}.Release|x86.ActiveCfg = Release|x64
		{ACF2227F-242F-4FB7-B433-58CED3D02A8F}.ReleaseDLL|Any CPU.ActiveCfg = Release|x64
		{ACF2227F-242F-4FB7-B433-58CED3D02A8F}.ReleaseDLL|Mixed Platforms.ActiveCfg = Release|x64
		{ACF2227F-242F-4FB7-B433-58CED3D02A8F}.ReleaseDLL|Mixed Platforms.Build.0 = Release|x64
		{ACF2227F-242F-4FB7-B433-58CED3D02A8F}.ReleaseDLL|Win32.ActiveCfg = Release|x64
		{ACF2227F-242F-4FB7-B433-58CED3D02A8F}.ReleaseDLL|x64.ActiveCfg = Release|x64
		{ACF2227F-242F-4FB7-B433-58CED3D02A8F}.ReleaseDLL|x64.Build.0 = Release|x64
		{ACF2227F-242F-4FB7-B433-58CED3D02A8F}.ReleaseDLL|x86.ActiveCfg = Release|x64
		{E42648EC-412D-49B3-BE88-A2E54909C8CD}.Debug|Any CPU.ActiveCfg = Debug|x64
		{E42648EC-412D-49B3-BE88-A2E54909C8CD}.Debug|Mixed Platforms.ActiveCfg = Debug|x64
		{E42648EC-412D-49B3-BE88-A2E54909C8CD}.Debug|Mixed Platforms.Build.0 = Debug|x64
		{E42648EC-412D-49B3-BE88-A2E54909C8CD}.Debug|Win32.ActiveCfg = Debug|Win32
		{E42648EC-412D-49B3-BE88-A2E54909C8CD}.Debug|Win32.Build.0 = Debug|Win32
		{E42648EC-412D-49B3-BE88-A2E54909C8CD}.Debug|x64.ActiveCfg = Debug|x64
		{E42648EC-412D-49B3-BE88-A2E54909C8CD}.Debug|x64.Build.0 = Debug|x64
		{E42648EC-412D-49B3-BE88-A2E54909C8CD}.Debug|x86.ActiveCfg = Debug|x64
		{E42648EC-412D-49B3-BE88-A2E54909C8CD}.DebugDLL|Any CPU.ActiveCfg = Debug|x64
		{E42648EC-412D-49B3-BE88-A2E54909C8CD}.DebugDLL|Mixed Platforms.ActiveCfg = Debug|x64
		{E42648EC-412D-49B3-BE88-A2E54909C8CD}.DebugDLL|Mixed Platforms.Build.0 = Debug|x64
		{E42648EC-412D-49B3-BE88-A2E54909C8CD}.DebugDLL|Win32.ActiveCfg = Debug|x64
		{E42648EC-412D-49B3-BE88-A2E54909C8CD}.DebugDLL|x64.ActiveCfg = Debug|x64
		{E42648EC-412D-49B3-BE88-A2E54909C8CD}.DebugDLL|x64.Build.0 = Debug|x64
		{E42648EC-412D-49B3-BE88-A2E54909C8CD}.DebugDLL|x86.ActiveCfg = Debug|x64
		{E42648EC-412D-49B3-BE88-A2E54909C8CD}.Release|Any CPU.ActiveCfg = Release|x64
		{E42648EC-412D-49B3-BE88-A2E54909C8CD}.Release|Mixed Platforms.ActiveCfg = Release|x64
		{E42648EC-412D-49B3-BE88-A2E54909C8CD}.Release|Mixed Platforms.Build.0 = Release|x64
		{E42648EC-412D-49B3-BE88-A2E54909C8CD}.Release|Win32.ActiveCfg = Release|Win32
		{E42648EC-412D-49B3-BE88-A2E54909C8CD}.Release|Win32.Build.0 = Release|Win32
		{E42648EC-412D-49B3-BE88-A2E54909C8CD}.Release|x64.ActiveCfg = Release|x64
		{E42648EC-412D-49B3-BE88-A2E54909C8CD}.Release|x64.Build.0 = Release|x64
		{E42648EC-412D-49B3-BE88-A2E54909C8CD}.Release|x86.ActiveCfg = Release|x64
		{E42648EC-412D-49B3-BE88-A2E54909C8CD}.ReleaseDLL|Any CPU.ActiveCfg = Release|x64
		{E42648EC-412D-49B3-BE88-A2E54909C8CD}.ReleaseDLL|Mixed Platforms.ActiveCfg = Release|x64
		{E42648EC-412D-49B3-BE88-A2E54909C8CD}.ReleaseDLL|Mixed Platforms.Build.0 = Release|x64
		{E42648EC-412D-49B3-BE88-A2E54909C8CD}.ReleaseDLL|Win32.ActiveCfg = Release|x64
		{E42648EC-412D-49B3-BE88-A2E54909C8CD}.ReleaseDLL|x64.ActiveCfg = Release|x64
		{E42648EC-412D-49B3-BE88-A2E54909C8CD}.ReleaseDLL|x64.Build.0 = Release|x64
		{E42648EC-412D-49B3-BE88-A2E54909C8CD}.ReleaseDLL|x86.ActiveCfg = Release|x64
		{B80016DF-3BFD-4756-B2C8-7D827DE39A84}.Debug|Any CPU.ActiveCfg = Debug|x64
		{B80016DF-3BFD-4756-B2C8-7D827DE39A84}.Debug|Mixed Platforms.ActiveCfg = Debug|x64
		{B80016DF-3BFD-4756-B2C8-7D827DE39A84}.Debug|Mixed Platforms.Build.0 = Debug|x64
		{B80016DF-3BFD-4756-B2C8-7D827DE39A84}.Debug|Win32.ActiveCfg = Debug|Win32
		{B80016DF-3BFD-4756-B2C8-7D827DE39A84}.Debug|Win32.Build.0 = Debug|Win32
		{B80016DF-3BFD-4756-B2C8-7D827DE39A84}.Debug|x64.ActiveCfg = Debug|x64
		{B80016DF-3BFD-4756-B2C8-7D827DE39A84}.Debug|x64.Build.0 = Debug|x64
		{B80016DF-3BFD-4756-B2C8-7D827DE39A84}.Debug|x86.ActiveCfg = Debug|x64
		{B80016DF-3BFD-4756-B2C8-7D827DE39A84}.DebugDLL|Any CPU.ActiveCfg = Debug|x64
		{B80016DF-3BFD-4756-B2C8-7D827DE39A84}.DebugDLL|Mixed Platforms.ActiveCfg = Debug|x64
		{B80016DF-3BFD-4756-B2C8-7D827DE39A84}.DebugDLL|Mixed Platforms.Build.0 = Debug|x64
		{B80016DF-3BFD-4756-B2C8-7D827DE39A84}.DebugDLL|Win32.ActiveCfg = Debug|x64
		{B80016DF-3BFD-4756-B2C8-7D827DE39A84}.DebugDLL|x64.ActiveCfg = Debug|x64
		{B80016DF-3BFD-4756-B2C8-7D827DE39A84}.DebugDLL|x64.Build.0 = Debug|x64
		{B80016DF-3BFD-4756-B2C8-7D827DE39A84}.DebugDLL|x86.ActiveCfg = Debug|x64
		{B80016DF-3BFD-4756-B2C8-7D827DE39A84}.Release|Any CPU.ActiveCfg = Release|x64
		{B80016DF-3BFD-4756-B2C8-7D827DE39A84}.Release|Mixed Platforms.ActiveCfg = Release|x64
		{B80016DF-3BFD-4756-B2C8-7D827DE39A84}.Release|Mixed Platforms.Build.0 = Release|x64
		{B80016DF-3BFD-4756-B2C8-7D827DE39A84}.Release|Win32.ActiveCfg = Release|Win32
		{B80016DF-3BFD-4756-B2C8-7D827DE39A84}.Release|Win32.Build.0 = Release|Win32
		{B80016DF-3BFD-4756-B2C8-7D827DE39A84}.Release|x64.ActiveCfg = Release|x64
		{B80016DF-3BFD-4756-B2C8-7D827DE39A84}.Release|x64.Build.0 = Release|x64
		{B80016DF-3BFD-4756-B2C8-7D827DE39A84}.Release|x86.ActiveCfg = Release|x64
		{B80016DF-3BFD-4756-B2C8-7D827DE39A84}.ReleaseDLL|Any CPU.ActiveCfg = Release|x64
		{B80016DF-3BFD-4756-B2C8-7D827DE39A84}.ReleaseDLL|Mixed Platforms.ActiveCfg = Release|x64
		{B80016DF-3BFD-4756-B2C8-7D827DE39A84}.ReleaseDLL|Mixed Platforms.Build.0 = Release|x64
		{B80016DF-3BFD-4756-B2C8-7D827DE39A84}.ReleaseDLL|Win32.ActiveCfg = Release|x64
		{B80016DF-3BFD-4756-B2C8-7D827DE39A84}.ReleaseDLL|x64.ActiveCfg = Release|x64
		{B80016DF-3BFD-4756-B2C8-7D827DE39A84}.ReleaseDLL|x64.Build.0 = Release|x64
		{B80016DF-3BFD-4756-B2C8-7D827DE39A84}.ReleaseDLL|x86.ActiveCfg = Release|x64
		{8D4F581B-05E3-41D3-8EF3-DF77FE97E40B}.Debug|Any CPU.ActiveCfg = Debug|x64
		{8D4F581B-05E3-41D3-8EF3-DF77FE97E40B}.Debug|Mixed Platforms.ActiveCfg = Debug|x64
		{8D4F581B-05E3-41D3-8EF3-DF77FE97E40B}.Debug|Mixed Platforms.Build.0 = Debug|x64
		{8D4F581B-05E3-41D3-8EF3-DF77FE97E40B}.Debug|Win32.ActiveCfg = Debug|Win32
		{8D4F581B-05E3-41D3-8EF3-DF77FE97E40B}.Debug|Win32.Build.0 = Debug|Win32
		{8D4F581B-05E3-41D3-8EF3-DF77FE97E40B}.Debug|x64.ActiveCfg = Debug|x64
		{8D4F581B-05E3-41D3-8EF3-DF77FE97E40B}.Debug|x64.Build.0 = Debug|x64
		{8D4F581B-05E3-41D3-8EF3-DF77FE97E40B}.Debug|x86.ActiveCfg = Debug|x64
		{8D4F581B-05E3-41D3-8EF3-DF77FE97E40B}.DebugDLL|Any CPU.ActiveCfg = Debug|x64
		{8D4F581B-05E3-41D3-8EF3-DF77FE97E40B}.DebugDLL|Mixed Platforms.ActiveCfg = Debug|x64
		{8D4F581B-05E3-41D3-8EF3-DF77FE97E40B}.DebugDLL|Mixed Platforms.Build.0 = Debug|x64
		{8D4F581B-05E3-41D3-8EF3-DF77FE97E40B}.DebugDLL|Win32.ActiveCfg = Debug|x64
		{8D4F581B-05E3-41D3-8EF3-DF77FE97E40B}.DebugDLL|x64.ActiveCfg = Debug|x64
		{8D4F581B-05E3-41D3-8EF3-DF77FE97E40B}.DebugDLL|x64.Build.0 = Debug|x64
		{8D4F581B-05E3-41D3-8EF3-DF77FE97E40B}.DebugDLL|x86.ActiveCfg = Debug|x64
		{8D4F581B-05E3-41D3-8EF3-DF77FE97E40B}.Release|Any CPU.ActiveCfg = Release|x64
		{8D4F581B-05E3-41D3-8EF3-DF77FE97E40B}.Release|Mixed Platforms.ActiveCfg = Release|x64
		{8D4F581B-05E3-41D3-8EF3-DF77FE97E40B}.Release|Mixed Platforms.Build.0 = Release|x64
		{8D4F581B-05E3-41D3-8EF3-DF77FE97E40B}.Release|Win32.ActiveCfg = Release|Win32
		{8D4F581B-05E3-41D3-8EF3-DF77FE97E40B}.Release|Win32.Build.0 = Release|Win32
		{8D4F581B-05E3-41D3-8EF3-DF77FE97E40B}.Release|x64.ActiveCfg = Release|x64
		{8D4F581B-05E3-41D3-8EF3-DF77FE97E40B}.Release|x64.Build.0 = Release|x64
		{8D4F581B-05E3-41D3-8EF3-DF77FE97E40B}.Release|x86.ActiveCfg = Release|x64
		{8D4F581B-05E3-41D3-8EF3-DF77FE97E40B}.ReleaseDLL|Any CPU.ActiveCfg = Release|x64
		{8D4F581B-05E3-41D3-8EF3-DF77FE97E40B}.ReleaseDLL|Mixed Platforms.ActiveCfg = Release|x64
		{8D4F581B-05E3-41D3-8EF3-DF77FE97E40B}.ReleaseDLL|Mixed Platforms.Build.0 = Release|x64
		{8D4F581B-05E3-41D3-8EF3-DF77FE97E40B}.ReleaseDLL|Win32.ActiveCfg = Release|x64
		{8D4F581B-05E3-41D3-8EF3-DF77FE97E40B}.ReleaseDLL|x64.ActiveCfg = Release|x64
		{8D4F581B-05E3-41D3-8EF3-DF77FE97E40B}.ReleaseDLL|x64.Build.0 = Release|x64
		{8D4F581B-05E3-41D3-8EF3-DF77FE97E40B}.ReleaseDLL|x86.ActiveCfg = Release|x64
		{565D9B86-9829-4BC3-9D9B-7ADE6A9D2968}.Debug|Any CPU.ActiveCfg = Debug|x64
		{565D9B86-9829-4BC3-9D9B-7ADE6A9D2968}.Debug|Mixed Platforms.ActiveCfg = Debug|x64
		{565D9B86-9829-4BC3-9D9B-7ADE6A9D2968}.Debug|Mixed Platforms.Build.0 = Debug|x64
		{565D9B86-9829-4BC3-9D9B-7ADE6A9D2968}.Debug|Win32.ActiveCfg = Debug|Win32
		{565D9B86-9829-4BC3-9D9B-7ADE6A9D2968}.Debug|Win32.Build.0 = Debug|Win32
		{565D9B86-9829-4BC3-9D9B-7ADE6A9D2968}.Debug|x64.ActiveCfg = Debug|x64
		{565D9B86-9829-4BC3-9D9B-7ADE6A9D2968}.Debug|x64.Build.0 = Debug|x64
		{565D9B86-9829-4BC3-9D9B-7ADE6A9D2968}.Debug|x86.ActiveCfg = Debug|x64
		{565D9B86-9829-4BC3-9D9B-7ADE6A9D2968}.DebugDLL|Any CPU.ActiveCfg = Debug|x64
		{565D9B86-9829-4BC3-9D9B-7ADE6A9D2968}.DebugDLL|Mixed Platforms.ActiveCfg = Debug|x64
		{565D9B86-9829-4BC3-9D9B-7ADE6A9D2968}.DebugDLL|Mixed Platforms.Build.0 = Debug|x64
		{565D9B86-9829-4BC3-9D9B-7ADE6A9D2968}.DebugDLL|Win32.ActiveCfg = Debug|x64
		{565D9B86-9829-4BC3-9D9B-7ADE6A9D2968}.DebugDLL|x64.ActiveCfg = Debug|x64
		{565D9B86-9829-4BC3-9D9B-7ADE6A9D2968}.DebugDLL|x64.Build.0 = Debug|x64
		{565D9B86-9829-4BC3-9D9B-7ADE6A9D2968}.DebugDLL|x86.ActiveCfg = Debug|x64
		{565D9B86-9829-4BC3-9D9B-7ADE6A9D2968}.Release|Any CPU.ActiveCfg = Release|x64
		{565D9B86-9829-4BC3-9D9B-7ADE6A9D2968}.Release|Mixed Platforms.ActiveCfg = Release|x64
		{565D9B86-9829-4BC3-9D9B-7ADE6A9D2968}.Release|Mixed Platforms.Build.0 = Release|x64
		{565D9B86-9829-4BC3-9D9B-7ADE6A9D2968}.Release|Win32.ActiveCfg = Release|Win32
		{565D9B86-9829-4BC3-9D9B-7ADE6A9D2968}.Release|Win32.Build.0 = Release|Win32
		{565D9B86-9829-4BC3-9D9B-7ADE6A9D2968}.Release|x64.ActiveCfg = Release|x64
		{565D9B86-9829-4BC3-9D9B-7ADE6A9D2968}.Release|x64.Build.0 = Release|x64
		{565D9B86-9829-4BC3-9D9B-7ADE6A9D2968}.Release|x86.ActiveCfg = Release|x64
		{565D9B86-9829-4BC3-9D9B-7ADE6A9D2968}.ReleaseDLL|Any CPU.ActiveCfg = Release|x64
		{565D9B86-9829-4BC3-9D9B-7ADE6A9D2968}.ReleaseDLL|Mixed Platforms.ActiveCfg = Release|x64
		{565D9B86-9829-4BC3-9D9B-7ADE6A9D2968}.ReleaseDLL|Mixed Platforms.Build.0 = Release|x64
		{565D9B86-9829-4BC3-9D9B-7ADE6A9D2968}.ReleaseDLL|Win32.ActiveCfg = Release|x64
		{565D9B86-9829-4BC3-9D9B-7ADE6A9D2968}.ReleaseDLL|x64.ActiveCfg = Release|x64
		{565D9B86-9829-4BC3-9D9B-7ADE6A9D2968}.ReleaseDLL|x64.Build.0 = Release|x64
		{565D9B86-9829-4BC3-9D9B-7ADE6A9D2968}.ReleaseDLL|x86.ActiveCfg = Release|x64
		{6CE5F68C-E601-4021-9E44-5A0575BC87D2}.Debug|Any CPU.ActiveCfg = Debug|x64
		{6CE5F68C-E601-4021-9E44-5A0575BC87D2}.Debug|Mixed Platforms.ActiveCfg = Debug|x64
		{6CE5F68C-E601-4021-9E44-5A0575BC87D2}.Debug|Mixed Platforms.Build.0 = Debug|x64
		{6CE5F68C-E601-4021-9E44-5A0575BC87D2}.Debug|Win32.ActiveCfg = Debug|Win32
		{6CE5F68C-E601-4021-9E44-5A0575BC87D2}.Debug|Win32.Build.0 = Debug|Win32
		{6CE5F68C-E601-4021-9E44-5A0575BC87D2}.Debug|x64.ActiveCfg = Debug|x64
		{6CE5F68C-E601-4021-9E44-5A0575BC87D2}.Debug|x64.Build.0 = Debug|x64
		{6CE5F68C-E601-4021-9E44-5A0575BC87D2}.Debug|x86.ActiveCfg = Debug|x64
		{6CE5F68C-E601-4021-9E44-5A0575BC87D2}.DebugDLL|Any CPU.ActiveCfg = Debug|x64
		{6CE5F68C-E601-4021-9E44-5A0575BC87D2}.DebugDLL|Mixed Platforms.ActiveCfg = Debug|x64
		{6CE5F68C-E601-4021-9E44-5A0575BC87D2}.DebugDLL|Mixed Platforms.Build.0 = Debug|x64
		{6CE5F68C-E601-4021-9E44-5A0575BC87D2}.DebugDLL|Win32.ActiveCfg = Debug|x64
		{6CE5F68C-E601-4021-9E44-5A0575BC87D2}.DebugDLL|x64.ActiveCfg = Debug|x64
		{6CE5F68C-E601-4021-9E44-5A0575BC87D2}.DebugDLL|x64.Build.0 = Debug|x64
		{6CE5F68C-E601-4021-9E44-5A0575BC87D2}.DebugDLL|x86.ActiveCfg = Debug|x64
		{6CE5F68C-E601-4021-9E44-5A0575BC87D2}.Release|Any CPU.ActiveCfg = Release|x64
		{6CE5F68C-E601-4021-9E44-5A0575BC87D2}.Release|Mixed Platforms.ActiveCfg = Release|x64
		{6CE5F68C-E601-4021-9E44-5A0575BC87D2}.Release|Mixed Platforms.Build.0 = Release|x64
		{6CE5F68C-E601-4021-9E44-5A0575BC87D2}.Release|Win32.ActiveCfg = Release|Win32
		{6CE5F68C-E601-4021-9E44-5A0575BC87D2}.Release|Win32.Build.0 = Release|Win32
		{6CE5F68C-E601-4021-9E44-5A0575BC87D2}.Release|x64.ActiveCfg = Release|x64
		{6CE5F68C-E601-4021-9E44-5A0575BC87D2}.Release|x64.Build.0 = Release|x64
		{6CE5F68C-E601-4021-9E44-5A0575BC87D2}.Release|x86.ActiveCfg = Release|x64
		{6CE5F68C-E601-4021-9E44-5A0575BC87D2}.ReleaseDLL|Any CPU.ActiveCfg = Release|x64
		{6CE5F68C-E601-4021-9E44-5A0575BC87D2}.ReleaseDLL|Mixed Platforms.ActiveCfg = Release|x64
		{6CE5F68C-E601-4021-9E44-5A0575BC87D2}.ReleaseDLL|Mixed Platforms.Build.0 = Release|x64
		{6CE5F68C-E601-4021-9E44-5A0575BC87D2}.ReleaseDLL|Win32.ActiveCfg = Release|x64
		{6CE5F68C-E601-4021-9E44-5A0575BC87D2}.ReleaseDLL|x64.ActiveCfg = Release|x64
		{6CE5F68C-E601-4021-9E44-5A0575BC87D2}.ReleaseDLL|x64.Build.0 = Release|x64
		{6CE5F68C-E601-4021-9E44-5A0575BC87D2}.ReleaseDLL|x86.ActiveCfg = Release|x64
		{486DE774-34B1-48F1-8EDA-6DC7F12E24E6}.Debug|Any CPU.ActiveCfg = Debug|x64
		{486DE774-34B1-48F1-8EDA-6DC7F12E24E6}.Debug|Mixed Platforms.ActiveCfg = Debug|x64
		{486DE774-34B1-48F1-8EDA-6DC7F12E24E6}.Debug|Mixed Platforms.Build.0 = Debug|x64
		{486DE774-34B1-48F1-8EDA-6DC7F12E24E6}.Debug|Win32.ActiveCfg = Debug|Win32
		{486DE774-34B1-48F1-8EDA-6DC7F12E24E6}.Debug|Win32.Build.0 = Debug|Win32
		{486DE774-34B1-48F1-8EDA-6DC7F12E24E6}.Debug|x64.ActiveCfg = Debug|x64
		{486DE774-34B1-48F1-8EDA-6DC7F12E24E6}.Debug|x64.Build.0 = Debug|x64
		{486DE774-34B1-48F1-8EDA-6DC7F12E24E6}.Debug|x86.ActiveCfg = Debug|x64
		{486DE774-34B1-48F1-8EDA-6DC7F12E24E6}.DebugDLL|Any CPU.ActiveCfg = Debug|x64
		{486DE774-34B1-48F1-8EDA-6DC7F12E24E6}.DebugDLL|Mixed Platforms.ActiveCfg = Debug|x64
		{486DE774-34B1-48F1-8EDA-6DC7F12E24E6}.DebugDLL|Mixed Platforms.Build.0 = Debug|x64
		{486DE774-34B1-48F1-8EDA-6DC7F12E24E6}.DebugDLL|Win32.ActiveCfg = Debug|x64
		{486DE774-34B1-48F1-8EDA-6DC7F12E24E6}.DebugDLL|x64.ActiveCfg = Debug|x64
		{486DE774-34B1-48F1-8EDA-6DC7F12E24E6}.DebugDLL|x64.Build.0 = Debug|x64
		{486DE774-34B1-48F1-8EDA-6DC7F12E24E6}.DebugDLL|x86.ActiveCfg = Debug|x64
		{486DE774-34B1-48F1-8EDA-6DC7F12E24E6}.Release|Any CPU.ActiveCfg = Release|x64
		{486DE774-34B1-48F1-8EDA-6DC7F12E24E6}.Release|Mixed Platforms.ActiveCfg = Release|x64
		{486DE774-34B1-48F1-8EDA-6DC7F12E24E6}.Release|Mixed Platforms.Build.0 = Release|x64
		{486DE774-34B1-48F1-8EDA-6DC7F12E24E6}.Release|Win32.ActiveCfg = Release|Win32
		{486DE774-34B1-48F1-8EDA-6DC7F12E24E6}.Release|Win32.Build.0 = Release|Win32
		{486DE774-34B1-48F1-8EDA-6DC7F12E24E6}.Release|x64.ActiveCfg = Release|x64
		{486DE774-34B1-48F1-8EDA-6DC7F12E24E6}.Release|x64.Build.0 = Release|x64
		{486DE774-34B1-48F1-8EDA-6DC7F12E24E6}.Release|x86.ActiveCfg = Release|x64
		{486DE774-34B1-48F1-8EDA-6DC7F12E24E6}.ReleaseDLL|Any CPU.ActiveCfg = Release|x64
		{486DE774-34B1-48F1-8EDA-6DC7F12E24E6}.ReleaseDLL|Mixed Platforms.ActiveCfg = Release|x64
		{486DE774-34B1-48F1-8EDA-6DC7F12E24E6}.ReleaseDLL|Mixed Platforms.Build.0 = Release|x64
		{486DE774-34B1-48F1-8EDA-6DC7F12E24E6}.ReleaseDLL|Win32.ActiveCfg = Release|x64
		{486DE774-34B1-48F1-8EDA-6DC7F12E24E6}.ReleaseDLL|x64.ActiveCfg = Release|x64
		{486DE774-34B1-48F1-8EDA-6DC7F12E24E6}.ReleaseDLL|x64.Build.0 = Release|x64
		{486DE774-34B1-48F1-8EDA-6DC7F12E24E6}.ReleaseDLL|x86.ActiveCfg = Release|x64
		{3F4E72FD-F616-4BA5-87C7-D44561004F0E}.Debug|Any CPU.ActiveCfg = Debug|x64
		{3F4E72FD-F616-4BA5-87C7-D44561004F0E}.Debug|Mixed Platforms.ActiveCfg = Debug|x64
		{3F4E72FD-F616-4BA5-87C7-D44561004F0E}.Debug|Mixed Platforms.Build.0 = Debug|x64
		{3F4E72FD-F616-4BA5-87C7-D44561004F0E}.Debug|Win32.ActiveCfg = Debug|Win32
		{3F4E72FD-F616-4BA5-87C7-D44561004F0E}.Debug|Win32.Build.0 = Debug|Win32
		{3F4E72FD-F616-4BA5-87C7-D44561004F0E}.Debug|x64.ActiveCfg = Debug|x64
		{3F4E72FD-F616-4BA5-87C7-D44561004F0E}.Debug|x64.Build.0 = Debug|x64
		{3F4E72FD-F616-4BA5-87C7-D44561004F0E}.Debug|x86.ActiveCfg = Debug|x64
		{3F4E72FD-F616-4BA5-87C7-D44561004F0E}.DebugDLL|Any CPU.ActiveCfg = Debug|x64
		{3F4E72FD-F616-4BA5-87C7-D44561004F0E}.DebugDLL|Mixed Platforms.ActiveCfg = Debug|x64
		{3F4E72FD-F616-4BA5-87C7-D44561004F0E}.DebugDLL|Mixed Platforms.Build.0 = Debug|x64
		{3F4E72FD-F616-4BA5-87C7-D44561004F0E}.DebugDLL|Win32.ActiveCfg = Debug|x64
		{3F4E72FD-F616-4BA5-87C7-D44561004F0E}.DebugDLL|x64.ActiveCfg = Debug|x64
		{3F4E72FD-F616-4BA5-87C7-D44561004F0E}.DebugDLL|x64.Build.0 = Debug|x64
		{3F4E72FD-F616-4BA5-87C7-D44561004F0E}.DebugDLL|x86.ActiveCfg = Debug|x64
		{3F4E72FD-F616-4BA5-87C7-D44561004F0E}.Release|Any CPU.ActiveCfg = Release|x64
		{3F4E72FD-F616-4BA5-87C7-D44561004F0E}.Release|Mixed Platforms.ActiveCfg = Release|x64
		{3F4E72FD-F616-4BA5-87C7-D44561004F0E}.Release|Mixed Platforms.Build.0 = Release|x64
		{3F4E72FD-F616-4BA5-87C7-D44561004F0E}.Release|Win32.ActiveCfg = Release|Win32
		{3F4E72FD-F616-4BA5-87C7-D44561004F0E}.Release|Win32.Build.0 = Release|Win32
		{3F4E72FD-F616-4BA5-87C7-D44561004F0E}.Release|x64.ActiveCfg = Release|x64
		{3F4E72FD-F616-4BA5-87C7-D44561004F0E}.Release|x64.Build.0 = Release|x64
		{3F4E72FD-F616-4BA5-87C7-D44561004F0E}.Release|x86.ActiveCfg = Release|x64
		{3F4E72FD-F616-4BA5-87C7-D44561004F0E}.ReleaseDLL|Any CPU.ActiveCfg = Release|x64
		{3F4E72FD-F616-4BA5-87C7-D44561004F0E}.ReleaseDLL|Mixed Platforms.ActiveCfg = Release|x64
		{3F4E72FD-F616-4BA5-87C7-D44561004F0E}.ReleaseDLL|Mixed Platforms.Build.0 = Release|x64
		{3F4E72FD-F616-4BA5-87C7-D44561004F0E}.ReleaseDLL|Win32.ActiveCfg = Release|x64
		{3F4E72FD-F616-4BA5-87C7-D44561004F0E}.ReleaseDLL|x64.ActiveCfg = Release|x64
		{3F4E72FD-F616-4BA5-87C7-D44561004F0E}.ReleaseDLL|x64.Build.0 = Release|x64
		{3F4E72FD-F616-4BA5-87C7-D44561004F0E}.ReleaseDLL|x86.ActiveCfg = Release|x64
		{0F0FE03A-78F3-4B34-9DCE-0CDFF1FB5C40}.Debug|Any CPU.ActiveCfg = Debug|x64
		{0F0FE03A-78F3-4B34-9DCE-0CDFF1FB5C40}.Debug|Mixed Platforms.ActiveCfg = Debug|x64
		{0F0FE03A-78F3-4B34-9DCE-0CDFF1FB5C40}.Debug|Mixed Platforms.Build.0 = Debug|x64
		{0F0FE03A-78F3-4B34-9DCE-0CDFF1FB5C40}.Debug|Win32.ActiveCfg = Debug|Win32
		{0F0FE03A-78F3-4B34-9DCE-0CDFF1FB5C40}.Debug|Win32.Build.0 = Debug|Win32
		{0F0FE03A-78F3-4B34-9DCE-0CDFF1FB5C40}.Debug|x64.ActiveCfg = Debug|x64
		{0F0FE03A-78F3-4B34-9DCE-0CDFF1FB5C40}.Debug|x64.Build.0 = Debug|x64
		{0F0FE03A-78F3-4B34-9DCE-0CDFF1FB5C40}.Debug|x86.ActiveCfg = Debug|x64
		{0F0FE03A-78F3-4B34-9DCE-0CDFF1FB5C40}.DebugDLL|Any CPU.ActiveCfg = DebugDLL|x64
		{0F0FE03A-78F3-4B34-9DCE-0CDFF1FB5C40}.DebugDLL|Mixed Platforms.ActiveCfg = DebugDLL|x64
		{0F0FE03A-78F3-4B34-9DCE-0CDFF1FB5C40}.DebugDLL|Mixed Platforms.Build.0 = DebugDLL|x64
		{0F0FE03A-78F3-4B34-9DCE-0CDFF1FB5C40}.DebugDLL|Win32.ActiveCfg = DebugDLL|Win32
		{0F0FE03A-78F3-4B34-9DCE-0CDFF1FB5C40}.DebugDLL|Win32.Build.0 = DebugDLL|Win32
		{0F0FE03A-78F3-4B34-9DCE-0CDFF1FB5C40}.DebugDLL|x64.ActiveCfg = DebugDLL|x64
		{0F0FE03A-78F3-4B34-9DCE-0CDFF1FB5C40}.DebugDLL|x64.Build.0 = DebugDLL|x64
		{0F0FE03A-78F3-4B34-9DCE-0CDFF1FB5C40}.DebugDLL|x86.ActiveCfg = DebugDLL|x64
		{0F0FE03A-78F3-4B34-9DCE-0CDFF1FB5C40}.Release|Any CPU.ActiveCfg = Release|x64
		{0F0FE03A-78F3-4B34-9DCE-0CDFF1FB5C40}.Release|Mixed Platforms.ActiveCfg = Release|x64
		{0F0FE03A-78F3-4B34-9DCE-0CDFF1FB5C40}.Release|Mixed Platforms.Build.0 = Release|x64
		{0F0FE03A-78F3-4B34-9DCE-0CDFF1FB5C40}.Release|Win32.ActiveCfg = Release|Win32
		{0F0FE03A-78F3-4B34-9DCE-0CDFF1FB5C40}.Release|Win32.Build.0 = Release|Win32
		{0F0FE03A-78F3-4B34-9DCE-0CDFF1FB5C40}.Release|x64.ActiveCfg = Release|x64
		{0F0FE03A-78F3-4B34-9DCE-0CDFF1FB5C40}.Release|x64.Build.0 = Release|x64
		{0F0FE03A-78F3-4B34-9DCE-0CDFF1FB5C40}.Release|x86.ActiveCfg = Release|x64
		{0F0FE03A-78F3-4B34-9DCE-0CDFF1FB5C40}.ReleaseDLL|Any CPU.ActiveCfg = ReleaseDLL|x64
		{0F0FE03A-78F3-4B34-9DCE-0CDFF1FB5C40}.ReleaseDLL|Mixed Platforms.ActiveCfg = ReleaseDLL|x64
		{0F0FE03A-78F3-4B34-9DCE-0CDFF1FB5C40}.ReleaseDLL|Mixed Platforms.Build.0 = ReleaseDLL|x64
		{0F0FE03A-78F3-4B34-9DCE-0CDFF1FB5C40}.ReleaseDLL|Win32.ActiveCfg = ReleaseDLL|Win32
		{0F0FE03A-78F3-4B34-9DCE-0CDFF1FB5C40}.ReleaseDLL|Win32.Build.0 = ReleaseDLL|Win32
		{0F0FE03A-78F3-4B34-9DCE-0CDFF1FB5C40}.ReleaseDLL|x64.ActiveCfg = ReleaseDLL|x64
		{0F0FE03A-78F3-4B34-9DCE-0CDFF1FB5C40}.ReleaseDLL|x64.Build.0 = ReleaseDLL|x64
		{0F0FE03A-78F3-4B34-9DCE-0CDFF1FB5C40}.ReleaseDLL|x86.ActiveCfg = ReleaseDLL|x64
		{2B37641C-4A5C-41F5-A4E1-034BAB23718A}.Debug|Any CPU.ActiveCfg = Debug|Win32
		{2B37641C-4A5C-41F5-A4E1-034BAB23718A}.Debug|Mixed Platforms.ActiveCfg = Debug|Win32
		{2B37641C-4A5C-41F5-A4E1-034BAB23718A}.Debug|Mixed Platforms.Build.0 = Debug|Win32
		{2B37641C-4A5C-41F5-A4E1-034BAB23718A}.Debug|Win32.ActiveCfg = Debug|Win32
		{2B37641C-4A5C-41F5-A4E1-034BAB23718A}.Debug|Win32.Build.0 = Debug|Win32
		{2B37641C-4A5C-41F5-A4E1-034BAB23718A}.Debug|x64.ActiveCfg = Debug|Win32
		{2B37641C-4A5C-41F5-A4E1-034BAB23718A}.Debug|x86.ActiveCfg = Debug|Win32
		{2B37641C-4A5C-41F5-A4E1-034BAB23718A}.DebugDLL|Any CPU.ActiveCfg = Debug|Win32
		{2B37641C-4A5C-41F5-A4E1-034BAB23718A}.DebugDLL|Mixed Platforms.ActiveCfg = Debug|Win32
		{2B37641C-4A5C-41F5-A4E1-034BAB23718A}.DebugDLL|Mixed Platforms.Build.0 = Debug|Win32
		{2B37641C-4A5C-41F5-A4E1-034BAB23718A}.DebugDLL|Win32.ActiveCfg = Debug|Win32
		{2B37641C-4A5C-41F5-A4E1-034BAB23718A}.DebugDLL|Win32.Build.0 = Debug|Win32
		{2B37641C-4A5C-41F5-A4E1-034BAB23718A}.DebugDLL|x64.ActiveCfg = Debug|Win32
		{2B37641C-4A5C-41F5-A4E1-034BAB23718A}.DebugDLL|x86.ActiveCfg = Debug|Win32
		{2B37641C-4A5C-41F5-A4E1-034BAB23718A}.Release|Any CPU.ActiveCfg = Release|Win32
		{2B37641C-4A5C-41F5-A4E1-034BAB23718A}.Release|Mixed Platforms.ActiveCfg = Release|Win32
		{2B37641C-4A5C-41F5-A4E1-034BAB23718A}.Release|Mixed Platforms.Build.0 = Release|Win32
		{2B37641C-4A5C-41F5-A4E1-034BAB23718A}.Release|Win32.ActiveCfg = Release|Win32
		{2B37641C-4A5C-41F5-A4E1-034BAB23718A}.Release|Win32.Build.0 = Release|Win32
		{2B37641C-4A5C-41F5-A4E1-034BAB23718A}.Release|x64.ActiveCfg = Release|Win32
		{2B37641C-4A5C-41F5-A4E1-034BAB23718A}.Release|x86.ActiveCfg = Release|Win32
		{2B37641C-4A5C-41F5-A4E1-034BAB23718A}.ReleaseDLL|Any CPU.ActiveCfg = Release|Win32
		{2B37641C-4A5C-41F5-A4E1-034BAB23718A}.ReleaseDLL|Mixed Platforms.ActiveCfg = Release|Win32
		{2B37641C-4A5C-41F5-A4E1-034BAB23718A}.ReleaseDLL|Mixed Platforms.Build.0 = Release|Win32
		{2B37641C-4A5C-41F5-A4E1-034BAB23718A}.ReleaseDLL|Win32.ActiveCfg = Release|Win32
		{2B37641C-4A5C-41F5-A4E1-034BAB23718A}.ReleaseDLL|Win32.Build.0 = Release|Win32
		{2B37641C-4A5C-41F5-A4E1-034BAB23718A}.ReleaseDLL|x64.ActiveCfg = Release|Win32
		{2B37641C-4A5C-41F5-A4E1-034BAB23718A}.ReleaseDLL|x86.ActiveCfg = Release|Win32
		{C21587E5-9666-46AB-A1A5-892185062A44}.Debug|Any CPU.ActiveCfg = Debug|Any CPU
		{C21587E5-9666-46AB-A1A5-892185062A44}.Debug|Any CPU.Build.0 = Debug|Any CPU
		{C21587E5-9666-46AB-A1A5-892185062A44}.Debug|Mixed Platforms.ActiveCfg = Debug|x86
		{C21587E5-9666-46AB-A1A5-892185062A44}.Debug|Mixed Platforms.Build.0 = Debug|x86
		{C21587E5-9666-46AB-A1A5-892185062A44}.Debug|Win32.ActiveCfg = Debug|x86
		{C21587E5-9666-46AB-A1A5-892185062A44}.Debug|x64.ActiveCfg = Debug|x86
		{C21587E5-9666-46AB-A1A5-892185062A44}.Debug|x86.ActiveCfg = Debug|x86
		{C21587E5-9666-46AB-A1A5-892185062A44}.Debug|x86.Build.0 = Debug|x86
		{C21587E5-9666-46AB-A1A5-892185062A44}.DebugDLL|Any CPU.ActiveCfg = Debug|x86
		{C21587E5-9666-46AB-A1A5-892185062A44}.DebugDLL|Mixed Platforms.ActiveCfg = Debug|x86
		{C21587E5-9666-46AB-A1A5-892185062A44}.DebugDLL|Mixed Platforms.Build.0 = Debug|x86
		{C21587E5-9666-46AB-A1A5-892185062A44}.DebugDLL|Win32.ActiveCfg = Debug|x86
		{C21587E5-9666-46AB-A1A5-892185062A44}.DebugDLL|x64.ActiveCfg = Debug|x86
		{C21587E5-9666-46AB-A1A5-892185062A44}.DebugDLL|x86.ActiveCfg = Debug|x86
		{C21587E5-9666-46AB-A1A5-892185062A44}.DebugDLL|x86.Build.0 = Debug|x86
		{C21587E5-9666-46AB-A1A5-892185062A44}.Release|Any CPU.ActiveCfg = Release|Any CPU
		{C21587E5-9666-46AB-A1A5-892185062A44}.Release|Any CPU.Build.0 = Release|Any CPU
		{C21587E5-9666-46AB-A1A5-892185062A44}.Release|Mixed Platforms.ActiveCfg = Release|x86
		{C21587E5-9666-46AB-A1A5-892185062A44}.Release|Mixed Platforms.Build.0 = Release|x86
		{C21587E5-9666-46AB-A1A5-892185062A44}.Release|Win32.ActiveCfg = Release|x86
		{C21587E5-9666-46AB-A1A5-892185062A44}.Release|x64.ActiveCfg = Release|x86
		{C21587E5-9666-46AB-A1A5-892185062A44}.Release|x86.ActiveCfg = Release|x86
		{C21587E5-9666-46AB-A1A5-892185062A44}.Release|x86.Build.0 = Release|x86
		{C21587E5-9666-46AB-A1A5-892185062A44}.ReleaseDLL|Any CPU.ActiveCfg = Release|x86
		{C21587E5-9666-46AB-A1A5-892185062A44}.ReleaseDLL|Mixed Platforms.ActiveCfg = Release|x86
		{C21587E5-9666-46AB-A1A5-892185062A44}.ReleaseDLL|Mixed Platforms.Build.0 = Release|x86
		{C21587E5-9666-46AB-A1A5-892185062A44}.ReleaseDLL|Win32.ActiveCfg = Release|x86
		{C21587E5-9666-46AB-A1A5-892185062A44}.ReleaseDLL|x64.ActiveCfg = Release|x86
		{C21587E5-9666-46AB-A1A5-892185062A44}.ReleaseDLL|x86.ActiveCfg = Release|x86
		{C21587E5-9666-46AB-A1A5-892185062A44}.ReleaseDLL|x86.Build.0 = Release|x86
	EndGlobalSection
	GlobalSection(SolutionProperties) = preSolution
		HideSolutionNode = FALSE
	EndGlobalSection
EndGlobal
