<?xml version="1.0" encoding="UTF-8" standalone="yes" ?>
<CodeBlocks_project_file>
	<FileVersion major="1" minor="6" />
	<Project>
		<Option title="db" />
		<Option makefile_is_custom="1" />
		<Option execution_dir="obj" />
		<Option pch_mode="2" />
		<Option compiler="gcc" />
		<MakeCommands>
			<Build command="$make -f $makefile $target" />
			<CompileFile command="$make -f $makefile $file" />
			<Clean command="$make -f $makefile clean" />
			<DistClean command="$make -f $makefile distclean$target" />
			<AskRebuildNeeded command="$make -q -f $makefile $target" />
			<SilentBuild command="$make -s -f $makefile $target" />
		</MakeCommands>
		<Build>
			<Target title="all">
				<Option output="libdb" prefix_auto="1" extension_auto="1" />
				<Option working_dir="" />
				<Option object_output="obj/Debug/" />
				<Option type="2" />
				<Option compiler="gcc" />
				<Option createDefFile="1" />
				<Compiler>
					<Add option="-Wall" />
					<Add option="-pg" />
					<Add option="-g" />
					<Add directory="c:/development/boost_1_47_0" />
				</Compiler>
				<Linker>
					<Add option="-pg" />
				</Linker>
				<MakeCommands>
					<Build command="$make -f $makefile $target" />
					<CompileFile command="$make -f $makefile $file" />
					<Clean command="$make -f $makefile clean" />
					<DistClean command="$make -f $makefile distclean$target" />
					<AskRebuildNeeded command="$make -q -f $makefile $target" />
					<SilentBuild command="$make -s -f $makefile $target" />
				</MakeCommands>
			</Target>
			<Target title="Release">
				<Option output="libdb" prefix_auto="1" extension_auto="1" />
				<Option working_dir="" />
				<Option object_output="obj/Release/" />
				<Option type="2" />
				<Option compiler="gcc" />
				<Option createDefFile="1" />
				<Compiler>
					<Add option="-O2" />
					<Add option="-Wall" />
				</Compiler>
				<Linker>
					<Add option="-s" />
				</Linker>
			</Target>
			<Target title="check">
				<Option output="db" prefix_auto="1" extension_auto="1" />
				<Option type="0" />
				<Option compiler="gcc" />
			</Target>
		</Build>
		<VirtualTargets>
			<Add alias="tests" targets="all;check;" />
		</VirtualTargets>
		<Compiler>
			<Add option="-pg" />
			<Add directory="../filesystem" />
			<Add directory="../bson" />
			<Add directory="../util" />
			<Add directory="../cache" />
		</Compiler>
		<Linker>
			<Add option="-pg" />
		</Linker>
		<Unit filename="bplusindex.cpp">
			<Option target="all" />
			<Option target="Release" />
		</Unit>
		<Unit filename="bplusindex.h">
			<Option target="all" />
			<Option target="Release" />
		</Unit>
		<Unit filename="dbcontroller.cpp">
			<Option target="all" />
			<Option target="Release" />
		</Unit>
		<Unit filename="dbcontroller.h">
			<Option target="all" />
			<Option target="Release" />
		</Unit>
		<Unit filename="index.h">
			<Option target="all" />
			<Option target="Release" />
		</Unit>
		<Unit filename="indexfactory.cpp">
			<Option target="all" />
			<Option target="Release" />
		</Unit>
		<Unit filename="indexfactory.h">
			<Option target="all" />
			<Option target="Release" />
		</Unit>
		<Unit filename="indexmanager.cpp">
			<Option target="all" />
			<Option target="Release" />
		</Unit>
		<Unit filename="indexmanager.h">
			<Option target="all" />
			<Option target="Release" />
		</Unit>
		<Unit filename="tests/main.cpp" />
		<Extensions>
			<code_completion />
			<envvars />
			<debugger />
		</Extensions>
	</Project>
</CodeBlocks_project_file>
