<?xml version="1.0" encoding="UTF-8" standalone="yes" ?>
<CodeBlocks_project_file>
	<FileVersion major="1" minor="6" />
	<Project>
		<Option title="workflow" />
		<Option pch_mode="2" />
		<Option compiler="gcc" />
		<Build>
			<Target title="Debug">
				<Option output="../libs/libworkflow" prefix_auto="1" extension_auto="1" />
				<Option object_output="obj/Debug/" />
				<Option type="3" />
				<Option compiler="gcc" />
				<Option createDefFile="1" />
				<Option createStaticLib="1" />
				<Compiler>
					<Add option="-g" />
					<Add directory="../common" />
					<Add directory="../dbjaguar" />
					<Add directory="../networkcommon" />
					<Add directory="../networkservice" />
				</Compiler>
			</Target>
			<Target title="Release">
				<Option output="bin/Release/libworkflow" prefix_auto="1" extension_auto="1" />
				<Option object_output="obj/Release/" />
				<Option type="3" />
				<Option compiler="gcc" />
				<Option createDefFile="1" />
				<Option createStaticLib="1" />
				<Compiler>
					<Add option="-O2" />
				</Compiler>
				<Linker>
					<Add option="-s" />
				</Linker>
			</Target>
		</Build>
		<Compiler>
			<Add option="-Wall" />
		</Compiler>
		<Unit filename="engine/defs.h" />
		<Unit filename="engine/processinstance.cpp" />
		<Unit filename="engine/processinstance.h" />
		<Unit filename="engine/processinstancevo.h" />
		<Unit filename="engine/taskvo.h" />
		<Unit filename="engine/token.cpp" />
		<Unit filename="engine/token.h" />
		<Unit filename="engine/tokenfacade.cpp" />
		<Unit filename="engine/tokenfacade.h" />
		<Unit filename="engine/tokenvo.h" />
		<Unit filename="main.c">
			<Option compilerVar="CC" />
		</Unit>
		<Unit filename="metadata.cpp" />
		<Unit filename="metadata.h" />
		<Unit filename="metadata/activitycommon.h" />
		<Unit filename="metadata/assignment.h" />
		<Unit filename="metadata/commonconnector.cpp" />
		<Unit filename="metadata/commonconnector.h" />
		<Unit filename="metadata/commonevent.h" />
		<Unit filename="metadata/connectorsourceable.h" />
		<Unit filename="metadata/connectortargetable.h" />
		<Unit filename="metadata/defs.h" />
		<Unit filename="metadata/endevent.h" />
		<Unit filename="metadata/entity.h" />
		<Unit filename="metadata/entitynotfoundexception.h" />
		<Unit filename="metadata/expression.h" />
		<Unit filename="metadata/lane.h" />
		<Unit filename="metadata/manualtask.h" />
		<Unit filename="metadata/masterentity.cpp" />
		<Unit filename="metadata/masterentity.h" />
		<Unit filename="metadata/participant.h" />
		<Unit filename="metadata/pool.h" />
		<Unit filename="metadata/processdefinition.h" />
		<Unit filename="metadata/property.h" />
		<Unit filename="metadata/referencetask.h" />
		<Unit filename="metadata/role.h" />
		<Unit filename="metadata/scripttask.h" />
		<Unit filename="metadata/sequenceflow.h" />
		<Unit filename="metadata/servicetask.h" />
		<Unit filename="metadata/startevent.h" />
		<Unit filename="metadata/task.h" />
		<Unit filename="metadata/usertask.h" />
		<Unit filename="version.h" />
		<Unit filename="wfcommon.h" />
		<Unit filename="wfruntime.cpp" />
		<Unit filename="wfruntime.h" />
		<Unit filename="workflowcontroller.cpp" />
		<Unit filename="workflowcontroller.h" />
		<Extensions>
			<envvars />
			<code_completion />
			<debugger />
			<lib_finder disable_auto="1" />
		</Extensions>
	</Project>
</CodeBlocks_project_file>
