<?xml version="1.0" encoding="UTF-8" standalone="yes" ?>
<CodeBlocks_project_file>
	<FileVersion major="1" minor="6" />
	<Project>
		<Option title="filesystem" />
		<Option pch_mode="2" />
		<Option compiler="gcc" />
		<Build>
			<Target title="Debug">
				<Option output="libfilesystem" prefix_auto="1" extension_auto="1" />
				<Option working_dir="" />
				<Option object_output="obj/Debug/" />
				<Option type="2" />
				<Option compiler="gcc" />
				<Option createDefFile="1" />
				<Compiler>
					<Add option="-Wall" />
					<Add option="-g" />
					<Add directory="C:/development/boost_1_47_0" />
				</Compiler>
			</Target>
			<Target title="Release">
				<Option output="libfilesystem" prefix_auto="1" extension_auto="1" />
				<Option working_dir="" />
				<Option object_output="obj/Release/" />
				<Option type="2" />
				<Option compiler="gcc" />
				<Option createDefFile="1" />
				<Compiler>
					<Add option="-Wall" />
					<Add option="-O2" />
				</Compiler>
				<Linker>
					<Add option="-s" />
				</Linker>
			</Target>
			<Target title="DebugLinux">
				<Option output="libfilesystem" prefix_auto="1" extension_auto="1" />
				<Option working_dir="" />
				<Option object_output="obj/Debug/" />
				<Option type="2" />
				<Option compiler="gcc" />
				<Option createDefFile="1" />
				<Compiler>
					<Add option="-Wall" />
					<Add option="-g" />
				</Compiler>
			</Target>
			<Target title="ReleaseLinux">
				<Option output="libfilesystem" prefix_auto="1" extension_auto="1" />
				<Option working_dir="" />
				<Option object_output="obj/Release/" />
				<Option type="2" />
				<Option compiler="gcc" />
				<Option createDefFile="1" />
				<Compiler>
					<Add option="-Wall" />
					<Add option="-O2" />
				</Compiler>
				<Linker>
					<Add option="-s" />
				</Linker>
			</Target>
		</Build>
		<Compiler>
			<Add directory="../bson" />
		</Compiler>
		<Unit filename="bsoninputstream.cpp" />
		<Unit filename="bsoninputstream.h" />
		<Unit filename="bsonoutputstream.cpp" />
		<Unit filename="bsonoutputstream.h" />
		<Unit filename="defs.h" />
		<Unit filename="fileinputoutputstream.cpp" />
		<Unit filename="fileinputoutputstream.h" />
		<Unit filename="fileinputstream.cpp" />
		<Unit filename="fileinputstream.h" />
		<Unit filename="fileoutputstream.cpp" />
		<Unit filename="fileoutputstream.h" />
		<Unit filename="inputstream.h" />
		<Unit filename="networkinputstream.cpp" />
		<Unit filename="networkinputstream.h" />
		<Unit filename="outputstream.h" />
		<Extensions>
			<code_completion />
			<debugger />
			<envvars />
		</Extensions>
	</Project>
</CodeBlocks_project_file>
