<?xml version="1.0" encoding="UTF-8" standalone="yes" ?>
<CodeBlocks_project_file>
	<FileVersion major="1" minor="6" />
	<Project>
		<Option title="test-db" />
		<Option pch_mode="2" />
		<Option compiler="gcc" />
		<Build>
			<Target title="Debug">
				<Option output="bin/Debug/test-db" prefix_auto="1" extension_auto="1" />
				<Option object_output="obj/Debug/" />
				<Option type="1" />
				<Option compiler="gcc" />
				<Option parameters="10" />
				<Compiler>
					<Add option="-g" />
				</Compiler>
				<Linker>
					<Add library="RpcRT4" />
					<Add directory="C:/Program Files (x86)/Microsoft SDKs/Windows/v7.0A/Lib" />
				</Linker>
			</Target>
			<Target title="Release">
				<Option output="bin/Release/test-db" prefix_auto="1" extension_auto="1" />
				<Option object_output="obj/Release/" />
				<Option type="1" />
				<Option compiler="gcc" />
				<Compiler>
					<Add option="-O2" />
				</Compiler>
				<Linker>
					<Add option="-s" />
				</Linker>
			</Target>
			<Target title="DebugLinux">
				<Option output="bin/Debug/test-db" prefix_auto="1" extension_auto="1" />
				<Option object_output="obj/Debug/" />
				<Option type="1" />
				<Option compiler="gcc" />
				<Option parameters="10" />
				<Compiler>
					<Add option="-pg" />
					<Add option="-g" />
				</Compiler>
				<Linker>
					<Add option="-pg" />
					<Add library="rt" />
					<Add library="uuid" />
					<Add library="X11" />
					<Add library="Xss" />
				</Linker>
			</Target>
			<Target title="ReleaseLinux">
				<Option output="bin/Release/test-db" prefix_auto="1" extension_auto="1" />
				<Option object_output="obj/Release/" />
				<Option type="1" />
				<Option compiler="gcc" />
				<Compiler>
					<Add option="-O2" />
				</Compiler>
				<Linker>
					<Add option="-s" />
					<Add library="rt" />
					<Add library="uuid" />
					<Add library="X11" />
					<Add library="Xss" />
				</Linker>
			</Target>
		</Build>
		<Compiler>
			<Add option="-Wall" />
			<Add option="-fexceptions" />
			<Add directory="../../db" />
			<Add directory="../../bson" />
			<Add directory="../../filesystem" />
			<Add directory="../../util" />
			<Add directory="../../cache" />
		</Compiler>
		<Linker>
			<Add library="db" />
			<Add library="util" />
			<Add library="filesystem" />
			<Add library="bson" />
			<Add library="cache" />
			<Add library="command" />
			<Add directory="../../bson" />
			<Add directory="../../util" />
			<Add directory="../../filesystem" />
			<Add directory="../../db" />
			<Add directory="../../cache" />
			<Add directory="../../command" />
		</Linker>
		<Unit filename="main.cpp" />
		<Extensions>
			<code_completion />
			<envvars />
			<debugger />
		</Extensions>
	</Project>
</CodeBlocks_project_file>
