<?xml version="1.0" encoding="UTF-8" standalone="yes" ?>
<CodeBlocks_project_file>
	<FileVersion major="1" minor="6" />
	<Project>
		<Option title="util" />
		<Option makefile_is_custom="1" />
		<Option execution_dir="obj" />
		<Option pch_mode="2" />
		<Option compiler="gcc" />
		<Build>
			<Target title="all">
				<Option output="libutil" prefix_auto="1" extension_auto="1" />
				<Option working_dir="" />
				<Option object_output="obj/Debug/" />
				<Option type="2" />
				<Option compiler="gcc" />
				<Option createDefFile="1" />
				<Compiler>
					<Add option="-Wall" />
					<Add option="-pg" />
					<Add option="-g" />
					<Add option="-DDEBUG" />
					<Add directory="/usr/include/boost" />
				</Compiler>
				<Linker>
					<Add option="-pg" />
				</Linker>
				<MakeCommands>
					<Build command="$make -f $makefile $target" />
					<CompileFile command="$make -f $makefile $file" />
					<Clean command="$make -f $makefile clean" />
					<DistClean command="$make -f $makefile distclean$target" />
					<AskRebuildNeeded command="$make -q -f $makefile $target" />
					<SilentBuild command="$make -s -f $makefile $target" />
				</MakeCommands>
			</Target>
			<Target title="Release">
				<Option output="libutil" prefix_auto="1" extension_auto="1" />
				<Option working_dir="" />
				<Option object_output="obj/Release/" />
				<Option type="2" />
				<Option compiler="gcc" />
				<Option createDefFile="1" />
				<Compiler>
					<Add option="-Wall" />
					<Add option="-O2" />
				</Compiler>
				<Linker>
					<Add option="-s" />
				</Linker>
			</Target>
			<Target title="check">
				<Option output="util" prefix_auto="1" extension_auto="1" />
				<Option type="0" />
				<Option compiler="gcc" />
			</Target>
		</Build>
		<VirtualTargets>
			<Add alias="tests" targets="all;check;" />
		</VirtualTargets>
		<Compiler>
			<Add option="-pg" />
		</Compiler>
		<Linker>
			<Add option="-pg" />
		</Linker>
		<Unit filename="config.h">
			<Option target="all" />
			<Option target="Release" />
		</Unit>
		<Unit filename="defs.h">
			<Option target="all" />
			<Option target="Release" />
		</Unit>
		<Unit filename="util.cpp">
			<Option target="all" />
			<Option target="Release" />
		</Unit>
		<Unit filename="util.h">
			<Option target="all" />
			<Option target="Release" />
		</Unit>
		<Unit filename="util/DateTime.cpp">
			<Option target="all" />
			<Option target="Release" />
		</Unit>
		<Unit filename="util/DateTime.h">
			<Option target="all" />
			<Option target="Release" />
		</Unit>
		<Unit filename="util/dtime.cpp">
			<Option target="all" />
			<Option target="Release" />
		</Unit>
		<Unit filename="util/dtime.h">
			<Option target="all" />
			<Option target="Release" />
		</Unit>
		<Unit filename="util/errorHandle.cpp">
			<Option target="all" />
			<Option target="Release" />
		</Unit>
		<Unit filename="util/errorHandle.h">
			<Option target="all" />
			<Option target="Release" />
		</Unit>
		<Unit filename="util/fileutil.cpp">
			<Option target="all" />
			<Option target="Release" />
		</Unit>
		<Unit filename="util/fileutil.h">
			<Option target="all" />
			<Option target="Release" />
		</Unit>
		<Unit filename="util/logger.cpp">
			<Option target="all" />
			<Option target="Release" />
		</Unit>
		<Unit filename="util/logger.h">
			<Option target="all" />
			<Option target="Release" />
		</Unit>
		<Unit filename="util/stringfunctions.cpp">
			<Option target="all" />
			<Option target="Release" />
		</Unit>
		<Unit filename="util/stringfunctions.h">
			<Option target="all" />
			<Option target="Release" />
		</Unit>
		<Unit filename="util/threads.cpp">
			<Option target="all" />
			<Option target="Release" />
		</Unit>
		<Unit filename="util/threads.h">
			<Option target="all" />
			<Option target="Release" />
		</Unit>
		<Unit filename="util/version.cpp">
			<Option target="all" />
			<Option target="Release" />
		</Unit>
		<Unit filename="util/version.h">
			<Option target="all" />
			<Option target="Release" />
		</Unit>
		<Extensions>
			<code_completion />
			<envvars />
			<debugger />
			<lib_finder disable_auto="1" />
		</Extensions>
	</Project>
</CodeBlocks_project_file>
