<?xml version="1.0" encoding="UTF-8" standalone="yes" ?>
<CodeBlocks_project_file>
	<FileVersion major="1" minor="6" />
	<Project>
		<Option title="bson" />
		<Option execution_dir="obj" />
		<Option pch_mode="2" />
		<Option compiler="gcc" />
		<MakeCommands>
			<Build command="$make -f $makefile $target" />
			<CompileFile command="$make -f $makefile $file" />
			<Clean command="$make -f $makefile clean" />
			<DistClean command="$make -f $makefile distclean$target" />
			<AskRebuildNeeded command="$make -q -f $makefile $target" />
			<SilentBuild command="$make -s -f $makefile $target" />
		</MakeCommands>
		<Build>
			<Target title="all">
				<Option output="bson" prefix_auto="1" extension_auto="1" />
				<Option object_output="obj/Debug/" />
				<Option type="1" />
				<Option compiler="gcc" />
				<Option use_console_runner="0" />
				<Compiler>
					<Add option="-Wall" />
					<Add option="-pg" />
					<Add option="-g" />
				</Compiler>
				<Linker>
					<Add option="-pg" />
				</Linker>
				<MakeCommands>
					<Build command="$make -f $makefile $target" />
					<CompileFile command="$make -f $makefile $file" />
					<Clean command="$make -f $makefile clean" />
					<DistClean command="$make -f $makefile distclean$target" />
					<AskRebuildNeeded command="$make -q -f $makefile $target" />
					<SilentBuild command="$make -s -f $makefile $target" />
				</MakeCommands>
			</Target>
			<Target title="Release">
				<Option output="libbson" prefix_auto="1" extension_auto="1" />
				<Option working_dir="" />
				<Option object_output="obj/Release/" />
				<Option type="2" />
				<Option compiler="gcc" />
				<Option createDefFile="1" />
				<Compiler>
					<Add option="-O2" />
					<Add option="-Wall" />
				</Compiler>
				<Linker>
					<Add option="-s" />
				</Linker>
			</Target>
			<Target title="check">
				<Option output="bson" prefix_auto="1" extension_auto="1" />
				<Option type="0" />
				<Option compiler="gcc" />
			</Target>
		</Build>
		<VirtualTargets>
			<Add alias="tests" targets="all;check;" />
		</VirtualTargets>
		<Compiler>
			<Add option="-pg" />
			<Add option="-g" />
			<Add directory="../util" />
			<Add directory="../libs/libantlr3c-3.2" />
			<Add directory="../obj" />
		</Compiler>
		<Linker>
			<Add option="-pg" />
			<Add library="djon-util" />
			<Add library="antlr3c" />
			<Add library="Xss" />
			<Add library="cpptest" />
			<Add library="uuid" />
			<Add library="pthread" />
			<Add library="rt" />
		</Linker>
		<Unit filename="JSONGrammar.tokens">
			<Option target="all" />
			<Option target="Release" />
		</Unit>
		<Unit filename="JSONGrammarLexer.c">
			<Option compilerVar="CC" />
			<Option target="all" />
			<Option target="Release" />
		</Unit>
		<Unit filename="JSONGrammarLexer.h">
			<Option target="all" />
			<Option target="Release" />
		</Unit>
		<Unit filename="JSONGrammarParser.c">
			<Option compilerVar="CC" />
			<Option target="all" />
			<Option target="Release" />
		</Unit>
		<Unit filename="JSONGrammarParser.h">
			<Option target="all" />
			<Option target="Release" />
		</Unit>
		<Unit filename="bson.h">
			<Option target="all" />
			<Option target="Release" />
		</Unit>
		<Unit filename="bsoncontent.cpp" />
		<Unit filename="bsoncontent.h" />
		<Unit filename="bsonobj.cpp">
			<Option target="all" />
			<Option target="Release" />
		</Unit>
		<Unit filename="bsonobj.h">
			<Option target="all" />
			<Option target="Release" />
		</Unit>
		<Unit filename="bsonparser.cpp">
			<Option target="all" />
			<Option target="Release" />
		</Unit>
		<Unit filename="bsonparser.h">
			<Option target="all" />
			<Option target="Release" />
		</Unit>
		<Unit filename="defs.h" />
		<Unit filename="parser/JSONGrammar.tokens">
			<Option target="all" />
			<Option target="Release" />
		</Unit>
		<Unit filename="tests/main.cpp" />
		<Extensions>
			<code_completion />
			<envvars />
			<debugger />
			<lib_finder disable_auto="1" />
		</Extensions>
	</Project>
</CodeBlocks_project_file>
